
Microsoft Visual Studio Solution File, Format Version 12.00
# Visual Studio Version 17
VisualStudioVersion = 17.6.33829.357
MinimumVisualStudioVersion = 10.0.40219.1
Project("{2150E333-8FDC-42A3-9474-1A3956D46DE8}") = "Source", "Source", "{D921EB59-73BA-47C6-B577-15BB157909F8}"
EndProject
Project("{2150E333-8FDC-42A3-9474-1A3956D46DE8}") = "Platforms", "Platforms", "{6D4B4569-37CE-4601-9171-AD0ADD2069D3}"
EndProject
Project("{9A19103F-16F7-4668-BE54-9A1E7A4F7556}") = "UnoScrollReveal.DataContracts", "UnoScrollReveal\UnoScrollReveal.DataContracts\UnoScrollReveal.DataContracts.csproj", "{239011E7-E48E-48C7-8F3D-5F978AC38C64}"
EndProject
Project("{9A19103F-16F7-4668-BE54-9A1E7A4F7556}") = "UnoScrollReveal", "UnoScrollReveal\UnoScrollReveal\UnoScrollReveal.csproj", "{270E0816-DBC5-4A66-A9FD-CEF908498B53}"
EndProject
Project("{9A19103F-16F7-4668-BE54-9A1E7A4F7556}") = "UnoScrollReveal.Mobile", "UnoScrollReveal\UnoScrollReveal.Mobile\UnoScrollReveal.Mobile.csproj", "{3E675FBC-BD51-42E1-B132-A6ED612CD630}"
EndProject
Project("{9A19103F-16F7-4668-BE54-9A1E7A4F7556}") = "UnoScrollReveal.Windows", "UnoScrollReveal\UnoScrollReveal.Windows\UnoScrollReveal.Windows.csproj", "{59B09375-ECAD-420E-9522-A4BC1FB2EFB1}"
EndProject
Project("{9A19103F-16F7-4668-BE54-9A1E7A4F7556}") = "UnoScrollReveal.Wasm", "UnoScrollReveal\UnoScrollReveal.Wasm\UnoScrollReveal.Wasm.csproj", "{5510A6E5-C8D1-44FD-8D55-AF3F75996CCC}"
EndProject
Global
	GlobalSection(SolutionConfigurationPlatforms) = preSolution
		Debug|Any CPU = Debug|Any CPU
		Debug|arm64 = Debug|arm64
		Debug|x64 = Debug|x64
		Debug|x86 = Debug|x86
		Release|Any CPU = Release|Any CPU
		Release|arm64 = Release|arm64
		Release|x64 = Release|x64
		Release|x86 = Release|x86
	EndGlobalSection
	GlobalSection(ProjectConfigurationPlatforms) = postSolution
		{239011E7-E48E-48C7-8F3D-5F978AC38C64}.Debug|Any CPU.ActiveCfg = Debug|Any CPU
		{239011E7-E48E-48C7-8F3D-5F978AC38C64}.Debug|Any CPU.Build.0 = Debug|Any CPU
		{239011E7-E48E-48C7-8F3D-5F978AC38C64}.Debug|arm64.ActiveCfg = Debug|Any CPU
		{239011E7-E48E-48C7-8F3D-5F978AC38C64}.Debug|arm64.Build.0 = Debug|Any CPU
		{239011E7-E48E-48C7-8F3D-5F978AC38C64}.Debug|x64.ActiveCfg = Debug|Any CPU
		{239011E7-E48E-48C7-8F3D-5F978AC38C64}.Debug|x64.Build.0 = Debug|Any CPU
		{239011E7-E48E-48C7-8F3D-5F978AC38C64}.Debug|x86.ActiveCfg = Debug|Any CPU
		{239011E7-E48E-48C7-8F3D-5F978AC38C64}.Debug|x86.Build.0 = Debug|Any CPU
		{239011E7-E48E-48C7-8F3D-5F978AC38C64}.Release|Any CPU.ActiveCfg = Release|Any CPU
		{239011E7-E48E-48C7-8F3D-5F978AC38C64}.Release|Any CPU.Build.0 = Release|Any CPU
		{239011E7-E48E-48C7-8F3D-5F978AC38C64}.Release|arm64.ActiveCfg = Release|Any CPU
		{239011E7-E48E-48C7-8F3D-5F978AC38C64}.Release|arm64.Build.0 = Release|Any CPU
		{239011E7-E48E-48C7-8F3D-5F978AC38C64}.Release|x64.ActiveCfg = Release|Any CPU
		{239011E7-E48E-48C7-8F3D-5F978AC38C64}.Release|x64.Build.0 = Release|Any CPU
		{239011E7-E48E-48C7-8F3D-5F978AC38C64}.Release|x86.ActiveCfg = Release|Any CPU
		{239011E7-E48E-48C7-8F3D-5F978AC38C64}.Release|x86.Build.0 = Release|Any CPU
		{270E0816-DBC5-4A66-A9FD-CEF908498B53}.Debug|Any CPU.ActiveCfg = Debug|Any CPU
		{270E0816-DBC5-4A66-A9FD-CEF908498B53}.Debug|Any CPU.Build.0 = Debug|Any CPU
		{270E0816-DBC5-4A66-A9FD-CEF908498B53}.Debug|arm64.ActiveCfg = Debug|Any CPU
		{270E0816-DBC5-4A66-A9FD-CEF908498B53}.Debug|arm64.Build.0 = Debug|Any CPU
		{270E0816-DBC5-4A66-A9FD-CEF908498B53}.Debug|x64.ActiveCfg = Debug|Any CPU
		{270E0816-DBC5-4A66-A9FD-CEF908498B53}.Debug|x64.Build.0 = Debug|Any CPU
		{270E0816-DBC5-4A66-A9FD-CEF908498B53}.Debug|x86.ActiveCfg = Debug|Any CPU
		{270E0816-DBC5-4A66-A9FD-CEF908498B53}.Debug|x86.Build.0 = Debug|Any CPU
		{270E0816-DBC5-4A66-A9FD-CEF908498B53}.Release|Any CPU.ActiveCfg = Release|Any CPU
		{270E0816-DBC5-4A66-A9FD-CEF908498B53}.Release|Any CPU.Build.0 = Release|Any CPU
		{270E0816-DBC5-4A66-A9FD-CEF908498B53}.Release|arm64.ActiveCfg = Release|Any CPU
		{270E0816-DBC5-4A66-A9FD-CEF908498B53}.Release|arm64.Build.0 = Release|Any CPU
		{270E0816-DBC5-4A66-A9FD-CEF908498B53}.Release|x64.ActiveCfg = Release|Any CPU
		{270E0816-DBC5-4A66-A9FD-CEF908498B53}.Release|x64.Build.0 = Release|Any CPU
		{270E0816-DBC5-4A66-A9FD-CEF908498B53}.Release|x86.ActiveCfg = Release|Any CPU
		{270E0816-DBC5-4A66-A9FD-CEF908498B53}.Release|x86.Build.0 = Release|Any CPU
		{3E675FBC-BD51-42E1-B132-A6ED612CD630}.Debug|Any CPU.ActiveCfg = Debug|Any CPU
		{3E675FBC-BD51-42E1-B132-A6ED612CD630}.Debug|Any CPU.Build.0 = Debug|Any CPU
		{3E675FBC-BD51-42E1-B132-A6ED612CD630}.Debug|Any CPU.Deploy.0 = Debug|Any CPU
		{3E675FBC-BD51-42E1-B132-A6ED612CD630}.Debug|arm64.ActiveCfg = Debug|Any CPU
		{3E675FBC-BD51-42E1-B132-A6ED612CD630}.Debug|arm64.Build.0 = Debug|Any CPU
		{3E675FBC-BD51-42E1-B132-A6ED612CD630}.Debug|arm64.Deploy.0 = Debug|Any CPU
		{3E675FBC-BD51-42E1-B132-A6ED612CD630}.Debug|x64.ActiveCfg = Debug|Any CPU
		{3E675FBC-BD51-42E1-B132-A6ED612CD630}.Debug|x64.Build.0 = Debug|Any CPU
		{3E675FBC-BD51-42E1-B132-A6ED612CD630}.Debug|x64.Deploy.0 = Debug|Any CPU
		{3E675FBC-BD51-42E1-B132-A6ED612CD630}.Debug|x86.ActiveCfg = Debug|Any CPU
		{3E675FBC-BD51-42E1-B132-A6ED612CD630}.Debug|x86.Build.0 = Debug|Any CPU
		{3E675FBC-BD51-42E1-B132-A6ED612CD630}.Debug|x86.Deploy.0 = Debug|Any CPU
		{3E675FBC-BD51-42E1-B132-A6ED612CD630}.Release|Any CPU.ActiveCfg = Release|Any CPU
		{3E675FBC-BD51-42E1-B132-A6ED612CD630}.Release|Any CPU.Build.0 = Release|Any CPU
		{3E675FBC-BD51-42E1-B132-A6ED612CD630}.Release|Any CPU.Deploy.0 = Release|Any CPU
		{3E675FBC-BD51-42E1-B132-A6ED612CD630}.Release|arm64.ActiveCfg = Release|Any CPU
		{3E675FBC-BD51-42E1-B132-A6ED612CD630}.Release|arm64.Build.0 = Release|Any CPU
		{3E675FBC-BD51-42E1-B132-A6ED612CD630}.Release|arm64.Deploy.0 = Release|Any CPU
		{3E675FBC-BD51-42E1-B132-A6ED612CD630}.Release|x64.ActiveCfg = Release|Any CPU
		{3E675FBC-BD51-42E1-B132-A6ED612CD630}.Release|x64.Build.0 = Release|Any CPU
		{3E675FBC-BD51-42E1-B132-A6ED612CD630}.Release|x64.Deploy.0 = Release|Any CPU
		{3E675FBC-BD51-42E1-B132-A6ED612CD630}.Release|x86.ActiveCfg = Release|Any CPU
		{3E675FBC-BD51-42E1-B132-A6ED612CD630}.Release|x86.Build.0 = Release|Any CPU
		{3E675FBC-BD51-42E1-B132-A6ED612CD630}.Release|x86.Deploy.0 = Release|Any CPU
		{59B09375-ECAD-420E-9522-A4BC1FB2EFB1}.Debug|Any CPU.ActiveCfg = Debug|x64
		{59B09375-ECAD-420E-9522-A4BC1FB2EFB1}.Debug|Any CPU.Build.0 = Debug|x64
		{59B09375-ECAD-420E-9522-A4BC1FB2EFB1}.Debug|Any CPU.Deploy.0 = Debug|x64
		{59B09375-ECAD-420E-9522-A4BC1FB2EFB1}.Debug|arm64.ActiveCfg = Debug|arm64
		{59B09375-ECAD-420E-9522-A4BC1FB2EFB1}.Debug|arm64.Build.0 = Debug|arm64
		{59B09375-ECAD-420E-9522-A4BC1FB2EFB1}.Debug|arm64.Deploy.0 = Debug|arm64
		{59B09375-ECAD-420E-9522-A4BC1FB2EFB1}.Debug|x64.ActiveCfg = Debug|x64
		{59B09375-ECAD-420E-9522-A4BC1FB2EFB1}.Debug|x64.Build.0 = Debug|x64
		{59B09375-ECAD-420E-9522-A4BC1FB2EFB1}.Debug|x64.Deploy.0 = Debug|x64
		{59B09375-ECAD-420E-9522-A4BC1FB2EFB1}.Debug|x86.ActiveCfg = Debug|x86
		{59B09375-ECAD-420E-9522-A4BC1FB2EFB1}.Debug|x86.Build.0 = Debug|x86
		{59B09375-ECAD-420E-9522-A4BC1FB2EFB1}.Debug|x86.Deploy.0 = Debug|x86
		{59B09375-ECAD-420E-9522-A4BC1FB2EFB1}.Release|Any CPU.ActiveCfg = Release|x64
		{59B09375-ECAD-420E-9522-A4BC1FB2EFB1}.Release|Any CPU.Build.0 = Release|x64
		{59B09375-ECAD-420E-9522-A4BC1FB2EFB1}.Release|Any CPU.Deploy.0 = Release|x64
		{59B09375-ECAD-420E-9522-A4BC1FB2EFB1}.Release|arm64.ActiveCfg = Release|arm64
		{59B09375-ECAD-420E-9522-A4BC1FB2EFB1}.Release|arm64.Build.0 = Release|arm64
		{59B09375-ECAD-420E-9522-A4BC1FB2EFB1}.Release|arm64.Deploy.0 = Release|arm64
		{59B09375-ECAD-420E-9522-A4BC1FB2EFB1}.Release|x64.ActiveCfg = Release|x64
		{59B09375-ECAD-420E-9522-A4BC1FB2EFB1}.Release|x64.Build.0 = Release|x64
		{59B09375-ECAD-420E-9522-A4BC1FB2EFB1}.Release|x64.Deploy.0 = Release|x64
		{59B09375-ECAD-420E-9522-A4BC1FB2EFB1}.Release|x86.ActiveCfg = Release|x86
		{59B09375-ECAD-420E-9522-A4BC1FB2EFB1}.Release|x86.Build.0 = Release|x86
		{59B09375-ECAD-420E-9522-A4BC1FB2EFB1}.Release|x86.Deploy.0 = Release|x86
		{5510A6E5-C8D1-44FD-8D55-AF3F75996CCC}.Debug|Any CPU.ActiveCfg = Debug|Any CPU
		{5510A6E5-C8D1-44FD-8D55-AF3F75996CCC}.Debug|Any CPU.Build.0 = Debug|Any CPU
		{5510A6E5-C8D1-44FD-8D55-AF3F75996CCC}.Debug|arm64.ActiveCfg = Debug|Any CPU
		{5510A6E5-C8D1-44FD-8D55-AF3F75996CCC}.Debug|arm64.Build.0 = Debug|Any CPU
		{5510A6E5-C8D1-44FD-8D55-AF3F75996CCC}.Debug|x64.ActiveCfg = Debug|Any CPU
		{5510A6E5-C8D1-44FD-8D55-AF3F75996CCC}.Debug|x64.Build.0 = Debug|Any CPU
		{5510A6E5-C8D1-44FD-8D55-AF3F75996CCC}.Debug|x86.ActiveCfg = Debug|Any CPU
		{5510A6E5-C8D1-44FD-8D55-AF3F75996CCC}.Debug|x86.Build.0 = Debug|Any CPU
		{5510A6E5-C8D1-44FD-8D55-AF3F75996CCC}.Release|Any CPU.ActiveCfg = Release|Any CPU
		{5510A6E5-C8D1-44FD-8D55-AF3F75996CCC}.Release|Any CPU.Build.0 = Release|Any CPU
		{5510A6E5-C8D1-44FD-8D55-AF3F75996CCC}.Release|arm64.ActiveCfg = Release|Any CPU
		{5510A6E5-C8D1-44FD-8D55-AF3F75996CCC}.Release|arm64.Build.0 = Release|Any CPU
		{5510A6E5-C8D1-44FD-8D55-AF3F75996CCC}.Release|x64.ActiveCfg = Release|Any CPU
		{5510A6E5-C8D1-44FD-8D55-AF3F75996CCC}.Release|x64.Build.0 = Release|Any CPU
		{5510A6E5-C8D1-44FD-8D55-AF3F75996CCC}.Release|x86.ActiveCfg = Release|Any CPU
		{5510A6E5-C8D1-44FD-8D55-AF3F75996CCC}.Release|x86.Build.0 = Release|Any CPU
	EndGlobalSection
	GlobalSection(SolutionProperties) = preSolution
		HideSolutionNode = FALSE
	EndGlobalSection
	GlobalSection(NestedProjects) = preSolution
		{6D4B4569-37CE-4601-9171-AD0ADD2069D3} = {D921EB59-73BA-47C6-B577-15BB157909F8}
		{239011E7-E48E-48C7-8F3D-5F978AC38C64} = {D921EB59-73BA-47C6-B577-15BB157909F8}
		{270E0816-DBC5-4A66-A9FD-CEF908498B53} = {D921EB59-73BA-47C6-B577-15BB157909F8}
		{3E675FBC-BD51-42E1-B132-A6ED612CD630} = {6D4B4569-37CE-4601-9171-AD0ADD2069D3}
		{59B09375-ECAD-420E-9522-A4BC1FB2EFB1} = {6D4B4569-37CE-4601-9171-AD0ADD2069D3}
		{5510A6E5-C8D1-44FD-8D55-AF3F75996CCC} = {6D4B4569-37CE-4601-9171-AD0ADD2069D3}
	EndGlobalSection
	GlobalSection(ExtensibilityGlobals) = postSolution
		SolutionGuid = {7FD8C032-C5EE-4F68-A7EA-396E0B774308}
	EndGlobalSection
EndGlobal
