
Microsoft Visual Studio Solution File, Format Version 12.00
# Visual Studio Version 17
VisualStudioVersion = 17.2.32519.379
MinimumVisualStudioVersion = 10.0.40219.1
Project("{D954291E-2A0B-460D-934E-DC6B0785DB48}") = "Demo.Shared", "Demo\Demo.Shared\Demo.Shared.shproj", "{6279C845-92F8-4333-AB99-3D213163593C}"
EndProject
Project("{2150E333-8FDC-42A3-9474-1A3956D46DE8}") = "Platforms", "Platforms", "{D43E2F93-E858-4DDA-AA95-26DBCEB820C4}"
EndProject
Project("{FAE04EC0-301F-11D3-BF4B-00C04F79EFBC}") = "Demo.Droid", "Demo\Demo.Droid\Demo.Droid.csproj", "{6509CB3A-7E3D-40FD-8B25-E1D87CE16CD7}"
EndProject
Project("{FAE04EC0-301F-11D3-BF4B-00C04F79EFBC}") = "Demo.iOS", "Demo\Demo.iOS\Demo.iOS.csproj", "{F765AEAA-8EC0-42C3-B4FF-8B5D50B9E2AE}"
EndProject
Project("{FAE04EC0-301F-11D3-BF4B-00C04F79EFBC}") = "Demo.UWP", "Demo\Demo.UWP\Demo.UWP.csproj", "{6E76943D-A13B-40B8-BD88-724FB134F754}"
EndProject
Global
	GlobalSection(SolutionConfigurationPlatforms) = preSolution
		Ad-Hoc|Any CPU = Ad-Hoc|Any CPU
		Ad-Hoc|ARM = Ad-Hoc|ARM
		Ad-Hoc|ARM64 = Ad-Hoc|ARM64
		Ad-Hoc|iPhone = Ad-Hoc|iPhone
		Ad-Hoc|iPhoneSimulator = Ad-Hoc|iPhoneSimulator
		Ad-Hoc|x64 = Ad-Hoc|x64
		Ad-Hoc|x86 = Ad-Hoc|x86
		AppStore|Any CPU = AppStore|Any CPU
		AppStore|ARM = AppStore|ARM
		AppStore|ARM64 = AppStore|ARM64
		AppStore|iPhone = AppStore|iPhone
		AppStore|iPhoneSimulator = AppStore|iPhoneSimulator
		AppStore|x64 = AppStore|x64
		AppStore|x86 = AppStore|x86
		Debug|Any CPU = Debug|Any CPU
		Debug|ARM = Debug|ARM
		Debug|ARM64 = Debug|ARM64
		Debug|iPhone = Debug|iPhone
		Debug|iPhoneSimulator = Debug|iPhoneSimulator
		Debug|x64 = Debug|x64
		Debug|x86 = Debug|x86
		Release|Any CPU = Release|Any CPU
		Release|ARM = Release|ARM
		Release|ARM64 = Release|ARM64
		Release|iPhone = Release|iPhone
		Release|iPhoneSimulator = Release|iPhoneSimulator
		Release|x64 = Release|x64
		Release|x86 = Release|x86
	EndGlobalSection
	GlobalSection(ProjectConfigurationPlatforms) = postSolution
		{6509CB3A-7E3D-40FD-8B25-E1D87CE16CD7}.Ad-Hoc|Any CPU.ActiveCfg = Debug|Any CPU
		{6509CB3A-7E3D-40FD-8B25-E1D87CE16CD7}.Ad-Hoc|Any CPU.Build.0 = Debug|Any CPU
		{6509CB3A-7E3D-40FD-8B25-E1D87CE16CD7}.Ad-Hoc|Any CPU.Deploy.0 = Debug|Any CPU
		{6509CB3A-7E3D-40FD-8B25-E1D87CE16CD7}.Ad-Hoc|ARM.ActiveCfg = Debug|Any CPU
		{6509CB3A-7E3D-40FD-8B25-E1D87CE16CD7}.Ad-Hoc|ARM.Build.0 = Debug|Any CPU
		{6509CB3A-7E3D-40FD-8B25-E1D87CE16CD7}.Ad-Hoc|ARM.Deploy.0 = Debug|Any CPU
		{6509CB3A-7E3D-40FD-8B25-E1D87CE16CD7}.Ad-Hoc|ARM64.ActiveCfg = Debug|Any CPU
		{6509CB3A-7E3D-40FD-8B25-E1D87CE16CD7}.Ad-Hoc|ARM64.Build.0 = Debug|Any CPU
		{6509CB3A-7E3D-40FD-8B25-E1D87CE16CD7}.Ad-Hoc|ARM64.Deploy.0 = Debug|Any CPU
		{6509CB3A-7E3D-40FD-8B25-E1D87CE16CD7}.Ad-Hoc|iPhone.ActiveCfg = Debug|Any CPU
		{6509CB3A-7E3D-40FD-8B25-E1D87CE16CD7}.Ad-Hoc|iPhone.Build.0 = Debug|Any CPU
		{6509CB3A-7E3D-40FD-8B25-E1D87CE16CD7}.Ad-Hoc|iPhone.Deploy.0 = Debug|Any CPU
		{6509CB3A-7E3D-40FD-8B25-E1D87CE16CD7}.Ad-Hoc|iPhoneSimulator.ActiveCfg = Debug|Any CPU
		{6509CB3A-7E3D-40FD-8B25-E1D87CE16CD7}.Ad-Hoc|iPhoneSimulator.Build.0 = Debug|Any CPU
		{6509CB3A-7E3D-40FD-8B25-E1D87CE16CD7}.Ad-Hoc|iPhoneSimulator.Deploy.0 = Debug|Any CPU
		{6509CB3A-7E3D-40FD-8B25-E1D87CE16CD7}.Ad-Hoc|x64.ActiveCfg = Debug|Any CPU
		{6509CB3A-7E3D-40FD-8B25-E1D87CE16CD7}.Ad-Hoc|x64.Build.0 = Debug|Any CPU
		{6509CB3A-7E3D-40FD-8B25-E1D87CE16CD7}.Ad-Hoc|x64.Deploy.0 = Debug|Any CPU
		{6509CB3A-7E3D-40FD-8B25-E1D87CE16CD7}.Ad-Hoc|x86.ActiveCfg = Debug|Any CPU
		{6509CB3A-7E3D-40FD-8B25-E1D87CE16CD7}.Ad-Hoc|x86.Build.0 = Debug|Any CPU
		{6509CB3A-7E3D-40FD-8B25-E1D87CE16CD7}.Ad-Hoc|x86.Deploy.0 = Debug|Any CPU
		{6509CB3A-7E3D-40FD-8B25-E1D87CE16CD7}.AppStore|Any CPU.ActiveCfg = Debug|Any CPU
		{6509CB3A-7E3D-40FD-8B25-E1D87CE16CD7}.AppStore|Any CPU.Build.0 = Debug|Any CPU
		{6509CB3A-7E3D-40FD-8B25-E1D87CE16CD7}.AppStore|Any CPU.Deploy.0 = Debug|Any CPU
		{6509CB3A-7E3D-40FD-8B25-E1D87CE16CD7}.AppStore|ARM.ActiveCfg = Debug|Any CPU
		{6509CB3A-7E3D-40FD-8B25-E1D87CE16CD7}.AppStore|ARM.Build.0 = Debug|Any CPU
		{6509CB3A-7E3D-40FD-8B25-E1D87CE16CD7}.AppStore|ARM.Deploy.0 = Debug|Any CPU
		{6509CB3A-7E3D-40FD-8B25-E1D87CE16CD7}.AppStore|ARM64.ActiveCfg = Debug|Any CPU
		{6509CB3A-7E3D-40FD-8B25-E1D87CE16CD7}.AppStore|ARM64.Build.0 = Debug|Any CPU
		{6509CB3A-7E3D-40FD-8B25-E1D87CE16CD7}.AppStore|ARM64.Deploy.0 = Debug|Any CPU
		{6509CB3A-7E3D-40FD-8B25-E1D87CE16CD7}.AppStore|iPhone.ActiveCfg = Debug|Any CPU
		{6509CB3A-7E3D-40FD-8B25-E1D87CE16CD7}.AppStore|iPhone.Build.0 = Debug|Any CPU
		{6509CB3A-7E3D-40FD-8B25-E1D87CE16CD7}.AppStore|iPhone.Deploy.0 = Debug|Any CPU
		{6509CB3A-7E3D-40FD-8B25-E1D87CE16CD7}.AppStore|iPhoneSimulator.ActiveCfg = Debug|Any CPU
		{6509CB3A-7E3D-40FD-8B25-E1D87CE16CD7}.AppStore|iPhoneSimulator.Build.0 = Debug|Any CPU
		{6509CB3A-7E3D-40FD-8B25-E1D87CE16CD7}.AppStore|iPhoneSimulator.Deploy.0 = Debug|Any CPU
		{6509CB3A-7E3D-40FD-8B25-E1D87CE16CD7}.AppStore|x64.ActiveCfg = Debug|Any CPU
		{6509CB3A-7E3D-40FD-8B25-E1D87CE16CD7}.AppStore|x64.Build.0 = Debug|Any CPU
		{6509CB3A-7E3D-40FD-8B25-E1D87CE16CD7}.AppStore|x64.Deploy.0 = Debug|Any CPU
		{6509CB3A-7E3D-40FD-8B25-E1D87CE16CD7}.AppStore|x86.ActiveCfg = Debug|Any CPU
		{6509CB3A-7E3D-40FD-8B25-E1D87CE16CD7}.AppStore|x86.Build.0 = Debug|Any CPU
		{6509CB3A-7E3D-40FD-8B25-E1D87CE16CD7}.AppStore|x86.Deploy.0 = Debug|Any CPU
		{6509CB3A-7E3D-40FD-8B25-E1D87CE16CD7}.Debug|Any CPU.ActiveCfg = Debug|Any CPU
		{6509CB3A-7E3D-40FD-8B25-E1D87CE16CD7}.Debug|Any CPU.Build.0 = Debug|Any CPU
		{6509CB3A-7E3D-40FD-8B25-E1D87CE16CD7}.Debug|Any CPU.Deploy.0 = Debug|Any CPU
		{6509CB3A-7E3D-40FD-8B25-E1D87CE16CD7}.Debug|ARM.ActiveCfg = Debug|Any CPU
		{6509CB3A-7E3D-40FD-8B25-E1D87CE16CD7}.Debug|ARM.Build.0 = Debug|Any CPU
		{6509CB3A-7E3D-40FD-8B25-E1D87CE16CD7}.Debug|ARM.Deploy.0 = Debug|Any CPU
		{6509CB3A-7E3D-40FD-8B25-E1D87CE16CD7}.Debug|ARM64.ActiveCfg = Debug|Any CPU
		{6509CB3A-7E3D-40FD-8B25-E1D87CE16CD7}.Debug|ARM64.Build.0 = Debug|Any CPU
		{6509CB3A-7E3D-40FD-8B25-E1D87CE16CD7}.Debug|ARM64.Deploy.0 = Debug|Any CPU
		{6509CB3A-7E3D-40FD-8B25-E1D87CE16CD7}.Debug|iPhone.ActiveCfg = Debug|Any CPU
		{6509CB3A-7E3D-40FD-8B25-E1D87CE16CD7}.Debug|iPhone.Build.0 = Debug|Any CPU
		{6509CB3A-7E3D-40FD-8B25-E1D87CE16CD7}.Debug|iPhone.Deploy.0 = Debug|Any CPU
		{6509CB3A-7E3D-40FD-8B25-E1D87CE16CD7}.Debug|iPhoneSimulator.ActiveCfg = Debug|Any CPU
		{6509CB3A-7E3D-40FD-8B25-E1D87CE16CD7}.Debug|iPhoneSimulator.Build.0 = Debug|Any CPU
		{6509CB3A-7E3D-40FD-8B25-E1D87CE16CD7}.Debug|iPhoneSimulator.Deploy.0 = Debug|Any CPU
		{6509CB3A-7E3D-40FD-8B25-E1D87CE16CD7}.Debug|x64.ActiveCfg = Debug|Any CPU
		{6509CB3A-7E3D-40FD-8B25-E1D87CE16CD7}.Debug|x64.Build.0 = Debug|Any CPU
		{6509CB3A-7E3D-40FD-8B25-E1D87CE16CD7}.Debug|x64.Deploy.0 = Debug|Any CPU
		{6509CB3A-7E3D-40FD-8B25-E1D87CE16CD7}.Debug|x86.ActiveCfg = Debug|Any CPU
		{6509CB3A-7E3D-40FD-8B25-E1D87CE16CD7}.Debug|x86.Build.0 = Debug|Any CPU
		{6509CB3A-7E3D-40FD-8B25-E1D87CE16CD7}.Debug|x86.Deploy.0 = Debug|Any CPU
		{6509CB3A-7E3D-40FD-8B25-E1D87CE16CD7}.Release|Any CPU.ActiveCfg = Release|Any CPU
		{6509CB3A-7E3D-40FD-8B25-E1D87CE16CD7}.Release|Any CPU.Build.0 = Release|Any CPU
		{6509CB3A-7E3D-40FD-8B25-E1D87CE16CD7}.Release|Any CPU.Deploy.0 = Release|Any CPU
		{6509CB3A-7E3D-40FD-8B25-E1D87CE16CD7}.Release|ARM.ActiveCfg = Release|Any CPU
		{6509CB3A-7E3D-40FD-8B25-E1D87CE16CD7}.Release|ARM.Build.0 = Release|Any CPU
		{6509CB3A-7E3D-40FD-8B25-E1D87CE16CD7}.Release|ARM.Deploy.0 = Release|Any CPU
		{6509CB3A-7E3D-40FD-8B25-E1D87CE16CD7}.Release|ARM64.ActiveCfg = Release|Any CPU
		{6509CB3A-7E3D-40FD-8B25-E1D87CE16CD7}.Release|ARM64.Build.0 = Release|Any CPU
		{6509CB3A-7E3D-40FD-8B25-E1D87CE16CD7}.Release|ARM64.Deploy.0 = Release|Any CPU
		{6509CB3A-7E3D-40FD-8B25-E1D87CE16CD7}.Release|iPhone.ActiveCfg = Release|Any CPU
		{6509CB3A-7E3D-40FD-8B25-E1D87CE16CD7}.Release|iPhone.Build.0 = Release|Any CPU
		{6509CB3A-7E3D-40FD-8B25-E1D87CE16CD7}.Release|iPhone.Deploy.0 = Release|Any CPU
		{6509CB3A-7E3D-40FD-8B25-E1D87CE16CD7}.Release|iPhoneSimulator.ActiveCfg = Release|Any CPU
		{6509CB3A-7E3D-40FD-8B25-E1D87CE16CD7}.Release|iPhoneSimulator.Build.0 = Release|Any CPU
		{6509CB3A-7E3D-40FD-8B25-E1D87CE16CD7}.Release|iPhoneSimulator.Deploy.0 = Release|Any CPU
		{6509CB3A-7E3D-40FD-8B25-E1D87CE16CD7}.Release|x64.ActiveCfg = Release|Any CPU
		{6509CB3A-7E3D-40FD-8B25-E1D87CE16CD7}.Release|x64.Build.0 = Release|Any CPU
		{6509CB3A-7E3D-40FD-8B25-E1D87CE16CD7}.Release|x64.Deploy.0 = Release|Any CPU
		{6509CB3A-7E3D-40FD-8B25-E1D87CE16CD7}.Release|x86.ActiveCfg = Release|Any CPU
		{6509CB3A-7E3D-40FD-8B25-E1D87CE16CD7}.Release|x86.Build.0 = Release|Any CPU
		{6509CB3A-7E3D-40FD-8B25-E1D87CE16CD7}.Release|x86.Deploy.0 = Release|Any CPU
		{F765AEAA-8EC0-42C3-B4FF-8B5D50B9E2AE}.Ad-Hoc|Any CPU.ActiveCfg = Ad-Hoc|iPhoneSimulator
		{F765AEAA-8EC0-42C3-B4FF-8B5D50B9E2AE}.Ad-Hoc|Any CPU.Build.0 = Ad-Hoc|iPhoneSimulator
		{F765AEAA-8EC0-42C3-B4FF-8B5D50B9E2AE}.Ad-Hoc|ARM.ActiveCfg = Ad-Hoc|iPhoneSimulator
		{F765AEAA-8EC0-42C3-B4FF-8B5D50B9E2AE}.Ad-Hoc|ARM.Build.0 = Ad-Hoc|iPhoneSimulator
		{F765AEAA-8EC0-42C3-B4FF-8B5D50B9E2AE}.Ad-Hoc|ARM64.ActiveCfg = Ad-Hoc|iPhoneSimulator
		{F765AEAA-8EC0-42C3-B4FF-8B5D50B9E2AE}.Ad-Hoc|ARM64.Build.0 = Ad-Hoc|iPhoneSimulator
		{F765AEAA-8EC0-42C3-B4FF-8B5D50B9E2AE}.Ad-Hoc|iPhone.ActiveCfg = Ad-Hoc|iPhone
		{F765AEAA-8EC0-42C3-B4FF-8B5D50B9E2AE}.Ad-Hoc|iPhone.Build.0 = Ad-Hoc|iPhone
		{F765AEAA-8EC0-42C3-B4FF-8B5D50B9E2AE}.Ad-Hoc|iPhoneSimulator.ActiveCfg = Ad-Hoc|iPhoneSimulator
		{F765AEAA-8EC0-42C3-B4FF-8B5D50B9E2AE}.Ad-Hoc|iPhoneSimulator.Build.0 = Ad-Hoc|iPhoneSimulator
		{F765AEAA-8EC0-42C3-B4FF-8B5D50B9E2AE}.Ad-Hoc|x64.ActiveCfg = Ad-Hoc|iPhoneSimulator
		{F765AEAA-8EC0-42C3-B4FF-8B5D50B9E2AE}.Ad-Hoc|x64.Build.0 = Ad-Hoc|iPhoneSimulator
		{F765AEAA-8EC0-42C3-B4FF-8B5D50B9E2AE}.Ad-Hoc|x86.ActiveCfg = Ad-Hoc|iPhoneSimulator
		{F765AEAA-8EC0-42C3-B4FF-8B5D50B9E2AE}.Ad-Hoc|x86.Build.0 = Ad-Hoc|iPhoneSimulator
		{F765AEAA-8EC0-42C3-B4FF-8B5D50B9E2AE}.AppStore|Any CPU.ActiveCfg = AppStore|iPhoneSimulator
		{F765AEAA-8EC0-42C3-B4FF-8B5D50B9E2AE}.AppStore|Any CPU.Build.0 = AppStore|iPhoneSimulator
		{F765AEAA-8EC0-42C3-B4FF-8B5D50B9E2AE}.AppStore|ARM.ActiveCfg = AppStore|iPhoneSimulator
		{F765AEAA-8EC0-42C3-B4FF-8B5D50B9E2AE}.AppStore|ARM.Build.0 = AppStore|iPhoneSimulator
		{F765AEAA-8EC0-42C3-B4FF-8B5D50B9E2AE}.AppStore|ARM64.ActiveCfg = AppStore|iPhoneSimulator
		{F765AEAA-8EC0-42C3-B4FF-8B5D50B9E2AE}.AppStore|ARM64.Build.0 = AppStore|iPhoneSimulator
		{F765AEAA-8EC0-42C3-B4FF-8B5D50B9E2AE}.AppStore|iPhone.ActiveCfg = AppStore|iPhone
		{F765AEAA-8EC0-42C3-B4FF-8B5D50B9E2AE}.AppStore|iPhone.Build.0 = AppStore|iPhone
		{F765AEAA-8EC0-42C3-B4FF-8B5D50B9E2AE}.AppStore|iPhoneSimulator.ActiveCfg = AppStore|iPhoneSimulator
		{F765AEAA-8EC0-42C3-B4FF-8B5D50B9E2AE}.AppStore|iPhoneSimulator.Build.0 = AppStore|iPhoneSimulator
		{F765AEAA-8EC0-42C3-B4FF-8B5D50B9E2AE}.AppStore|x64.ActiveCfg = AppStore|iPhoneSimulator
		{F765AEAA-8EC0-42C3-B4FF-8B5D50B9E2AE}.AppStore|x64.Build.0 = AppStore|iPhoneSimulator
		{F765AEAA-8EC0-42C3-B4FF-8B5D50B9E2AE}.AppStore|x86.ActiveCfg = AppStore|iPhoneSimulator
		{F765AEAA-8EC0-42C3-B4FF-8B5D50B9E2AE}.AppStore|x86.Build.0 = AppStore|iPhoneSimulator
		{F765AEAA-8EC0-42C3-B4FF-8B5D50B9E2AE}.Debug|Any CPU.ActiveCfg = Debug|iPhoneSimulator
		{F765AEAA-8EC0-42C3-B4FF-8B5D50B9E2AE}.Debug|Any CPU.Build.0 = Debug|iPhoneSimulator
		{F765AEAA-8EC0-42C3-B4FF-8B5D50B9E2AE}.Debug|ARM.ActiveCfg = Debug|iPhoneSimulator
		{F765AEAA-8EC0-42C3-B4FF-8B5D50B9E2AE}.Debug|ARM.Build.0 = Debug|iPhoneSimulator
		{F765AEAA-8EC0-42C3-B4FF-8B5D50B9E2AE}.Debug|ARM64.ActiveCfg = Debug|iPhoneSimulator
		{F765AEAA-8EC0-42C3-B4FF-8B5D50B9E2AE}.Debug|ARM64.Build.0 = Debug|iPhoneSimulator
		{F765AEAA-8EC0-42C3-B4FF-8B5D50B9E2AE}.Debug|iPhone.ActiveCfg = Debug|iPhone
		{F765AEAA-8EC0-42C3-B4FF-8B5D50B9E2AE}.Debug|iPhone.Build.0 = Debug|iPhone
		{F765AEAA-8EC0-42C3-B4FF-8B5D50B9E2AE}.Debug|iPhoneSimulator.ActiveCfg = Debug|iPhoneSimulator
		{F765AEAA-8EC0-42C3-B4FF-8B5D50B9E2AE}.Debug|iPhoneSimulator.Build.0 = Debug|iPhoneSimulator
		{F765AEAA-8EC0-42C3-B4FF-8B5D50B9E2AE}.Debug|x64.ActiveCfg = Debug|iPhoneSimulator
		{F765AEAA-8EC0-42C3-B4FF-8B5D50B9E2AE}.Debug|x64.Build.0 = Debug|iPhoneSimulator
		{F765AEAA-8EC0-42C3-B4FF-8B5D50B9E2AE}.Debug|x86.ActiveCfg = Debug|iPhoneSimulator
		{F765AEAA-8EC0-42C3-B4FF-8B5D50B9E2AE}.Debug|x86.Build.0 = Debug|iPhoneSimulator
		{F765AEAA-8EC0-42C3-B4FF-8B5D50B9E2AE}.Release|Any CPU.ActiveCfg = Release|iPhoneSimulator
		{F765AEAA-8EC0-42C3-B4FF-8B5D50B9E2AE}.Release|Any CPU.Build.0 = Release|iPhoneSimulator
		{F765AEAA-8EC0-42C3-B4FF-8B5D50B9E2AE}.Release|ARM.ActiveCfg = Release|iPhoneSimulator
		{F765AEAA-8EC0-42C3-B4FF-8B5D50B9E2AE}.Release|ARM.Build.0 = Release|iPhoneSimulator
		{F765AEAA-8EC0-42C3-B4FF-8B5D50B9E2AE}.Release|ARM64.ActiveCfg = Release|iPhoneSimulator
		{F765AEAA-8EC0-42C3-B4FF-8B5D50B9E2AE}.Release|ARM64.Build.0 = Release|iPhoneSimulator
		{F765AEAA-8EC0-42C3-B4FF-8B5D50B9E2AE}.Release|iPhone.ActiveCfg = Release|iPhone
		{F765AEAA-8EC0-42C3-B4FF-8B5D50B9E2AE}.Release|iPhone.Build.0 = Release|iPhone
		{F765AEAA-8EC0-42C3-B4FF-8B5D50B9E2AE}.Release|iPhoneSimulator.ActiveCfg = Release|iPhoneSimulator
		{F765AEAA-8EC0-42C3-B4FF-8B5D50B9E2AE}.Release|iPhoneSimulator.Build.0 = Release|iPhoneSimulator
		{F765AEAA-8EC0-42C3-B4FF-8B5D50B9E2AE}.Release|x64.ActiveCfg = Release|iPhoneSimulator
		{F765AEAA-8EC0-42C3-B4FF-8B5D50B9E2AE}.Release|x64.Build.0 = Release|iPhoneSimulator
		{F765AEAA-8EC0-42C3-B4FF-8B5D50B9E2AE}.Release|x86.ActiveCfg = Release|iPhoneSimulator
		{F765AEAA-8EC0-42C3-B4FF-8B5D50B9E2AE}.Release|x86.Build.0 = Release|iPhoneSimulator
		{6E76943D-A13B-40B8-BD88-724FB134F754}.Ad-Hoc|Any CPU.ActiveCfg = Debug|x64
		{6E76943D-A13B-40B8-BD88-724FB134F754}.Ad-Hoc|Any CPU.Build.0 = Debug|x64
		{6E76943D-A13B-40B8-BD88-724FB134F754}.Ad-Hoc|Any CPU.Deploy.0 = Debug|x64
		{6E76943D-A13B-40B8-BD88-724FB134F754}.Ad-Hoc|ARM.ActiveCfg = Debug|ARM
		{6E76943D-A13B-40B8-BD88-724FB134F754}.Ad-Hoc|ARM.Build.0 = Debug|ARM
		{6E76943D-A13B-40B8-BD88-724FB134F754}.Ad-Hoc|ARM.Deploy.0 = Debug|ARM
		{6E76943D-A13B-40B8-BD88-724FB134F754}.Ad-Hoc|ARM64.ActiveCfg = Debug|ARM64
		{6E76943D-A13B-40B8-BD88-724FB134F754}.Ad-Hoc|ARM64.Build.0 = Debug|ARM64
		{6E76943D-A13B-40B8-BD88-724FB134F754}.Ad-Hoc|ARM64.Deploy.0 = Debug|ARM64
		{6E76943D-A13B-40B8-BD88-724FB134F754}.Ad-Hoc|iPhone.ActiveCfg = Debug|x64
		{6E76943D-A13B-40B8-BD88-724FB134F754}.Ad-Hoc|iPhone.Build.0 = Debug|x64
		{6E76943D-A13B-40B8-BD88-724FB134F754}.Ad-Hoc|iPhone.Deploy.0 = Debug|x64
		{6E76943D-A13B-40B8-BD88-724FB134F754}.Ad-Hoc|iPhoneSimulator.ActiveCfg = Debug|x64
		{6E76943D-A13B-40B8-BD88-724FB134F754}.Ad-Hoc|iPhoneSimulator.Build.0 = Debug|x64
		{6E76943D-A13B-40B8-BD88-724FB134F754}.Ad-Hoc|iPhoneSimulator.Deploy.0 = Debug|x64
		{6E76943D-A13B-40B8-BD88-724FB134F754}.Ad-Hoc|x64.ActiveCfg = Debug|x64
		{6E76943D-A13B-40B8-BD88-724FB134F754}.Ad-Hoc|x64.Build.0 = Debug|x64
		{6E76943D-A13B-40B8-BD88-724FB134F754}.Ad-Hoc|x64.Deploy.0 = Debug|x64
		{6E76943D-A13B-40B8-BD88-724FB134F754}.Ad-Hoc|x86.ActiveCfg = Debug|x86
		{6E76943D-A13B-40B8-BD88-724FB134F754}.Ad-Hoc|x86.Build.0 = Debug|x86
		{6E76943D-A13B-40B8-BD88-724FB134F754}.Ad-Hoc|x86.Deploy.0 = Debug|x86
		{6E76943D-A13B-40B8-BD88-724FB134F754}.AppStore|Any CPU.ActiveCfg = Debug|x64
		{6E76943D-A13B-40B8-BD88-724FB134F754}.AppStore|Any CPU.Build.0 = Debug|x64
		{6E76943D-A13B-40B8-BD88-724FB134F754}.AppStore|Any CPU.Deploy.0 = Debug|x64
		{6E76943D-A13B-40B8-BD88-724FB134F754}.AppStore|ARM.ActiveCfg = Debug|ARM
		{6E76943D-A13B-40B8-BD88-724FB134F754}.AppStore|ARM.Build.0 = Debug|ARM
		{6E76943D-A13B-40B8-BD88-724FB134F754}.AppStore|ARM.Deploy.0 = Debug|ARM
		{6E76943D-A13B-40B8-BD88-724FB134F754}.AppStore|ARM64.ActiveCfg = Debug|ARM64
		{6E76943D-A13B-40B8-BD88-724FB134F754}.AppStore|ARM64.Build.0 = Debug|ARM64
		{6E76943D-A13B-40B8-BD88-724FB134F754}.AppStore|ARM64.Deploy.0 = Debug|ARM64
		{6E76943D-A13B-40B8-BD88-724FB134F754}.AppStore|iPhone.ActiveCfg = Debug|x64
		{6E76943D-A13B-40B8-BD88-724FB134F754}.AppStore|iPhone.Build.0 = Debug|x64
		{6E76943D-A13B-40B8-BD88-724FB134F754}.AppStore|iPhone.Deploy.0 = Debug|x64
		{6E76943D-A13B-40B8-BD88-724FB134F754}.AppStore|iPhoneSimulator.ActiveCfg = Debug|x64
		{6E76943D-A13B-40B8-BD88-724FB134F754}.AppStore|iPhoneSimulator.Build.0 = Debug|x64
		{6E76943D-A13B-40B8-BD88-724FB134F754}.AppStore|iPhoneSimulator.Deploy.0 = Debug|x64
		{6E76943D-A13B-40B8-BD88-724FB134F754}.AppStore|x64.ActiveCfg = Debug|x64
		{6E76943D-A13B-40B8-BD88-724FB134F754}.AppStore|x64.Build.0 = Debug|x64
		{6E76943D-A13B-40B8-BD88-724FB134F754}.AppStore|x64.Deploy.0 = Debug|x64
		{6E76943D-A13B-40B8-BD88-724FB134F754}.AppStore|x86.ActiveCfg = Debug|x86
		{6E76943D-A13B-40B8-BD88-724FB134F754}.AppStore|x86.Build.0 = Debug|x86
		{6E76943D-A13B-40B8-BD88-724FB134F754}.AppStore|x86.Deploy.0 = Debug|x86
		{6E76943D-A13B-40B8-BD88-724FB134F754}.Debug|Any CPU.ActiveCfg = Debug|x64
		{6E76943D-A13B-40B8-BD88-724FB134F754}.Debug|Any CPU.Build.0 = Debug|x64
		{6E76943D-A13B-40B8-BD88-724FB134F754}.Debug|Any CPU.Deploy.0 = Debug|x64
		{6E76943D-A13B-40B8-BD88-724FB134F754}.Debug|ARM.ActiveCfg = Debug|ARM
		{6E76943D-A13B-40B8-BD88-724FB134F754}.Debug|ARM.Build.0 = Debug|ARM
		{6E76943D-A13B-40B8-BD88-724FB134F754}.Debug|ARM.Deploy.0 = Debug|ARM
		{6E76943D-A13B-40B8-BD88-724FB134F754}.Debug|ARM64.ActiveCfg = Debug|ARM64
		{6E76943D-A13B-40B8-BD88-724FB134F754}.Debug|ARM64.Build.0 = Debug|ARM64
		{6E76943D-A13B-40B8-BD88-724FB134F754}.Debug|ARM64.Deploy.0 = Debug|ARM64
		{6E76943D-A13B-40B8-BD88-724FB134F754}.Debug|iPhone.ActiveCfg = Debug|x64
		{6E76943D-A13B-40B8-BD88-724FB134F754}.Debug|iPhone.Build.0 = Debug|x64
		{6E76943D-A13B-40B8-BD88-724FB134F754}.Debug|iPhone.Deploy.0 = Debug|x64
		{6E76943D-A13B-40B8-BD88-724FB134F754}.Debug|iPhoneSimulator.ActiveCfg = Debug|x64
		{6E76943D-A13B-40B8-BD88-724FB134F754}.Debug|iPhoneSimulator.Build.0 = Debug|x64
		{6E76943D-A13B-40B8-BD88-724FB134F754}.Debug|iPhoneSimulator.Deploy.0 = Debug|x64
		{6E76943D-A13B-40B8-BD88-724FB134F754}.Debug|x64.ActiveCfg = Debug|x64
		{6E76943D-A13B-40B8-BD88-724FB134F754}.Debug|x64.Build.0 = Debug|x64
		{6E76943D-A13B-40B8-BD88-724FB134F754}.Debug|x64.Deploy.0 = Debug|x64
		{6E76943D-A13B-40B8-BD88-724FB134F754}.Debug|x86.ActiveCfg = Debug|x86
		{6E76943D-A13B-40B8-BD88-724FB134F754}.Debug|x86.Build.0 = Debug|x86
		{6E76943D-A13B-40B8-BD88-724FB134F754}.Debug|x86.Deploy.0 = Debug|x86
		{6E76943D-A13B-40B8-BD88-724FB134F754}.Release|Any CPU.ActiveCfg = Release|x64
		{6E76943D-A13B-40B8-BD88-724FB134F754}.Release|Any CPU.Build.0 = Release|x64
		{6E76943D-A13B-40B8-BD88-724FB134F754}.Release|Any CPU.Deploy.0 = Release|x64
		{6E76943D-A13B-40B8-BD88-724FB134F754}.Release|ARM.ActiveCfg = Release|ARM
		{6E76943D-A13B-40B8-BD88-724FB134F754}.Release|ARM.Build.0 = Release|ARM
		{6E76943D-A13B-40B8-BD88-724FB134F754}.Release|ARM.Deploy.0 = Release|ARM
		{6E76943D-A13B-40B8-BD88-724FB134F754}.Release|ARM64.ActiveCfg = Release|ARM64
		{6E76943D-A13B-40B8-BD88-724FB134F754}.Release|ARM64.Build.0 = Release|ARM64
		{6E76943D-A13B-40B8-BD88-724FB134F754}.Release|ARM64.Deploy.0 = Release|ARM64
		{6E76943D-A13B-40B8-BD88-724FB134F754}.Release|iPhone.ActiveCfg = Release|x64
		{6E76943D-A13B-40B8-BD88-724FB134F754}.Release|iPhone.Build.0 = Release|x64
		{6E76943D-A13B-40B8-BD88-724FB134F754}.Release|iPhone.Deploy.0 = Release|x64
		{6E76943D-A13B-40B8-BD88-724FB134F754}.Release|iPhoneSimulator.ActiveCfg = Release|x64
		{6E76943D-A13B-40B8-BD88-724FB134F754}.Release|iPhoneSimulator.Build.0 = Release|x64
		{6E76943D-A13B-40B8-BD88-724FB134F754}.Release|iPhoneSimulator.Deploy.0 = Release|x64
		{6E76943D-A13B-40B8-BD88-724FB134F754}.Release|x64.ActiveCfg = Release|x64
		{6E76943D-A13B-40B8-BD88-724FB134F754}.Release|x64.Build.0 = Release|x64
		{6E76943D-A13B-40B8-BD88-724FB134F754}.Release|x64.Deploy.0 = Release|x64
		{6E76943D-A13B-40B8-BD88-724FB134F754}.Release|x86.ActiveCfg = Release|x86
		{6E76943D-A13B-40B8-BD88-724FB134F754}.Release|x86.Build.0 = Release|x86
		{6E76943D-A13B-40B8-BD88-724FB134F754}.Release|x86.Deploy.0 = Release|x86
	EndGlobalSection
	GlobalSection(SolutionProperties) = preSolution
		HideSolutionNode = FALSE
	EndGlobalSection
	GlobalSection(NestedProjects) = preSolution
		{6509CB3A-7E3D-40FD-8B25-E1D87CE16CD7} = {D43E2F93-E858-4DDA-AA95-26DBCEB820C4}
		{F765AEAA-8EC0-42C3-B4FF-8B5D50B9E2AE} = {D43E2F93-E858-4DDA-AA95-26DBCEB820C4}
		{6E76943D-A13B-40B8-BD88-724FB134F754} = {D43E2F93-E858-4DDA-AA95-26DBCEB820C4}
	EndGlobalSection
	GlobalSection(ExtensibilityGlobals) = postSolution
		SolutionGuid = {9E343205-F2D0-419F-9E7B-D39FB6CA6D62}
	EndGlobalSection
	GlobalSection(SharedMSBuildProjectFiles) = preSolution
		Demo\Demo.Shared\Demo.Shared.projitems*{6279c845-92f8-4333-ab99-3d213163593c}*SharedItemsImports = 13
		Demo\Demo.Shared\Demo.Shared.projitems*{6509cb3a-7e3d-40fd-8b25-e1d87ce16cd7}*SharedItemsImports = 4
		Demo\Demo.Shared\Demo.Shared.projitems*{6e76943d-a13b-40b8-bd88-724fb134f754}*SharedItemsImports = 4
		Demo\Demo.Shared\Demo.Shared.projitems*{f765aeaa-8ec0-42c3-b4ff-8b5d50b9e2ae}*SharedItemsImports = 4
	EndGlobalSection
EndGlobal
