
Microsoft Visual Studio Solution File, Format Version 12.00
# Visual Studio Version 17
VisualStudioVersion = 17.6.33815.320
MinimumVisualStudioVersion = 10.0.40219.1
Project("{2150E333-8FDC-42A3-9474-1A3956D46DE8}") = "Source", "Source", "{946BF4FC-B20C-4A24-8C6E-157941D735A9}"
EndProject
Project("{2150E333-8FDC-42A3-9474-1A3956D46DE8}") = "Platforms", "Platforms", "{652BCF75-76E4-459E-A3C9-7A800EE31208}"
EndProject
Project("{9A19103F-16F7-4668-BE54-9A1E7A4F7556}") = "ZIndexDemo", "ZIndexDemo\ZIndexDemo\ZIndexDemo.csproj", "{962FEC68-0ED5-40C8-B87D-22341F1293B6}"
EndProject
Project("{9A19103F-16F7-4668-BE54-9A1E7A4F7556}") = "ZIndexDemo.Mobile", "ZIndexDemo\ZIndexDemo.Mobile\ZIndexDemo.Mobile.csproj", "{BFFDD3CD-953B-4023-8703-ED6A7DFA8866}"
EndProject
Project("{9A19103F-16F7-4668-BE54-9A1E7A4F7556}") = "ZIndexDemo.Windows", "ZIndexDemo\ZIndexDemo.Windows\ZIndexDemo.Windows.csproj", "{69B6EBE8-F114-4569-8A92-14565FF409D7}"
EndProject
Project("{9A19103F-16F7-4668-BE54-9A1E7A4F7556}") = "ZIndexDemo.Wasm", "ZIndexDemo\ZIndexDemo.Wasm\ZIndexDemo.Wasm.csproj", "{2717F512-31FF-4DFA-A413-DF88807776BD}"
EndProject
Global
	GlobalSection(SolutionConfigurationPlatforms) = preSolution
		Debug|Any CPU = Debug|Any CPU
		Debug|arm64 = Debug|arm64
		Debug|x64 = Debug|x64
		Debug|x86 = Debug|x86
		Release|Any CPU = Release|Any CPU
		Release|arm64 = Release|arm64
		Release|x64 = Release|x64
		Release|x86 = Release|x86
	EndGlobalSection
	GlobalSection(ProjectConfigurationPlatforms) = postSolution
		{962FEC68-0ED5-40C8-B87D-22341F1293B6}.Debug|Any CPU.ActiveCfg = Debug|Any CPU
		{962FEC68-0ED5-40C8-B87D-22341F1293B6}.Debug|Any CPU.Build.0 = Debug|Any CPU
		{962FEC68-0ED5-40C8-B87D-22341F1293B6}.Debug|arm64.ActiveCfg = Debug|Any CPU
		{962FEC68-0ED5-40C8-B87D-22341F1293B6}.Debug|arm64.Build.0 = Debug|Any CPU
		{962FEC68-0ED5-40C8-B87D-22341F1293B6}.Debug|x64.ActiveCfg = Debug|Any CPU
		{962FEC68-0ED5-40C8-B87D-22341F1293B6}.Debug|x64.Build.0 = Debug|Any CPU
		{962FEC68-0ED5-40C8-B87D-22341F1293B6}.Debug|x86.ActiveCfg = Debug|Any CPU
		{962FEC68-0ED5-40C8-B87D-22341F1293B6}.Debug|x86.Build.0 = Debug|Any CPU
		{962FEC68-0ED5-40C8-B87D-22341F1293B6}.Release|Any CPU.ActiveCfg = Release|Any CPU
		{962FEC68-0ED5-40C8-B87D-22341F1293B6}.Release|Any CPU.Build.0 = Release|Any CPU
		{962FEC68-0ED5-40C8-B87D-22341F1293B6}.Release|arm64.ActiveCfg = Release|Any CPU
		{962FEC68-0ED5-40C8-B87D-22341F1293B6}.Release|arm64.Build.0 = Release|Any CPU
		{962FEC68-0ED5-40C8-B87D-22341F1293B6}.Release|x64.ActiveCfg = Release|Any CPU
		{962FEC68-0ED5-40C8-B87D-22341F1293B6}.Release|x64.Build.0 = Release|Any CPU
		{962FEC68-0ED5-40C8-B87D-22341F1293B6}.Release|x86.ActiveCfg = Release|Any CPU
		{962FEC68-0ED5-40C8-B87D-22341F1293B6}.Release|x86.Build.0 = Release|Any CPU
		{BFFDD3CD-953B-4023-8703-ED6A7DFA8866}.Debug|Any CPU.ActiveCfg = Debug|Any CPU
		{BFFDD3CD-953B-4023-8703-ED6A7DFA8866}.Debug|Any CPU.Build.0 = Debug|Any CPU
		{BFFDD3CD-953B-4023-8703-ED6A7DFA8866}.Debug|Any CPU.Deploy.0 = Debug|Any CPU
		{BFFDD3CD-953B-4023-8703-ED6A7DFA8866}.Debug|arm64.ActiveCfg = Debug|Any CPU
		{BFFDD3CD-953B-4023-8703-ED6A7DFA8866}.Debug|arm64.Build.0 = Debug|Any CPU
		{BFFDD3CD-953B-4023-8703-ED6A7DFA8866}.Debug|arm64.Deploy.0 = Debug|Any CPU
		{BFFDD3CD-953B-4023-8703-ED6A7DFA8866}.Debug|x64.ActiveCfg = Debug|Any CPU
		{BFFDD3CD-953B-4023-8703-ED6A7DFA8866}.Debug|x64.Build.0 = Debug|Any CPU
		{BFFDD3CD-953B-4023-8703-ED6A7DFA8866}.Debug|x64.Deploy.0 = Debug|Any CPU
		{BFFDD3CD-953B-4023-8703-ED6A7DFA8866}.Debug|x86.ActiveCfg = Debug|Any CPU
		{BFFDD3CD-953B-4023-8703-ED6A7DFA8866}.Debug|x86.Build.0 = Debug|Any CPU
		{BFFDD3CD-953B-4023-8703-ED6A7DFA8866}.Debug|x86.Deploy.0 = Debug|Any CPU
		{BFFDD3CD-953B-4023-8703-ED6A7DFA8866}.Release|Any CPU.ActiveCfg = Release|Any CPU
		{BFFDD3CD-953B-4023-8703-ED6A7DFA8866}.Release|Any CPU.Build.0 = Release|Any CPU
		{BFFDD3CD-953B-4023-8703-ED6A7DFA8866}.Release|Any CPU.Deploy.0 = Release|Any CPU
		{BFFDD3CD-953B-4023-8703-ED6A7DFA8866}.Release|arm64.ActiveCfg = Release|Any CPU
		{BFFDD3CD-953B-4023-8703-ED6A7DFA8866}.Release|arm64.Build.0 = Release|Any CPU
		{BFFDD3CD-953B-4023-8703-ED6A7DFA8866}.Release|arm64.Deploy.0 = Release|Any CPU
		{BFFDD3CD-953B-4023-8703-ED6A7DFA8866}.Release|x64.ActiveCfg = Release|Any CPU
		{BFFDD3CD-953B-4023-8703-ED6A7DFA8866}.Release|x64.Build.0 = Release|Any CPU
		{BFFDD3CD-953B-4023-8703-ED6A7DFA8866}.Release|x64.Deploy.0 = Release|Any CPU
		{BFFDD3CD-953B-4023-8703-ED6A7DFA8866}.Release|x86.ActiveCfg = Release|Any CPU
		{BFFDD3CD-953B-4023-8703-ED6A7DFA8866}.Release|x86.Build.0 = Release|Any CPU
		{BFFDD3CD-953B-4023-8703-ED6A7DFA8866}.Release|x86.Deploy.0 = Release|Any CPU
		{69B6EBE8-F114-4569-8A92-14565FF409D7}.Debug|Any CPU.ActiveCfg = Debug|x64
		{69B6EBE8-F114-4569-8A92-14565FF409D7}.Debug|Any CPU.Build.0 = Debug|x64
		{69B6EBE8-F114-4569-8A92-14565FF409D7}.Debug|Any CPU.Deploy.0 = Debug|x64
		{69B6EBE8-F114-4569-8A92-14565FF409D7}.Debug|arm64.ActiveCfg = Debug|arm64
		{69B6EBE8-F114-4569-8A92-14565FF409D7}.Debug|arm64.Build.0 = Debug|arm64
		{69B6EBE8-F114-4569-8A92-14565FF409D7}.Debug|arm64.Deploy.0 = Debug|arm64
		{69B6EBE8-F114-4569-8A92-14565FF409D7}.Debug|x64.ActiveCfg = Debug|x64
		{69B6EBE8-F114-4569-8A92-14565FF409D7}.Debug|x64.Build.0 = Debug|x64
		{69B6EBE8-F114-4569-8A92-14565FF409D7}.Debug|x64.Deploy.0 = Debug|x64
		{69B6EBE8-F114-4569-8A92-14565FF409D7}.Debug|x86.ActiveCfg = Debug|x86
		{69B6EBE8-F114-4569-8A92-14565FF409D7}.Debug|x86.Build.0 = Debug|x86
		{69B6EBE8-F114-4569-8A92-14565FF409D7}.Debug|x86.Deploy.0 = Debug|x86
		{69B6EBE8-F114-4569-8A92-14565FF409D7}.Release|Any CPU.ActiveCfg = Release|x64
		{69B6EBE8-F114-4569-8A92-14565FF409D7}.Release|Any CPU.Build.0 = Release|x64
		{69B6EBE8-F114-4569-8A92-14565FF409D7}.Release|Any CPU.Deploy.0 = Release|x64
		{69B6EBE8-F114-4569-8A92-14565FF409D7}.Release|arm64.ActiveCfg = Release|arm64
		{69B6EBE8-F114-4569-8A92-14565FF409D7}.Release|arm64.Build.0 = Release|arm64
		{69B6EBE8-F114-4569-8A92-14565FF409D7}.Release|arm64.Deploy.0 = Release|arm64
		{69B6EBE8-F114-4569-8A92-14565FF409D7}.Release|x64.ActiveCfg = Release|x64
		{69B6EBE8-F114-4569-8A92-14565FF409D7}.Release|x64.Build.0 = Release|x64
		{69B6EBE8-F114-4569-8A92-14565FF409D7}.Release|x64.Deploy.0 = Release|x64
		{69B6EBE8-F114-4569-8A92-14565FF409D7}.Release|x86.ActiveCfg = Release|x86
		{69B6EBE8-F114-4569-8A92-14565FF409D7}.Release|x86.Build.0 = Release|x86
		{69B6EBE8-F114-4569-8A92-14565FF409D7}.Release|x86.Deploy.0 = Release|x86
		{2717F512-31FF-4DFA-A413-DF88807776BD}.Debug|Any CPU.ActiveCfg = Debug|Any CPU
		{2717F512-31FF-4DFA-A413-DF88807776BD}.Debug|Any CPU.Build.0 = Debug|Any CPU
		{2717F512-31FF-4DFA-A413-DF88807776BD}.Debug|arm64.ActiveCfg = Debug|Any CPU
		{2717F512-31FF-4DFA-A413-DF88807776BD}.Debug|arm64.Build.0 = Debug|Any CPU
		{2717F512-31FF-4DFA-A413-DF88807776BD}.Debug|x64.ActiveCfg = Debug|Any CPU
		{2717F512-31FF-4DFA-A413-DF88807776BD}.Debug|x64.Build.0 = Debug|Any CPU
		{2717F512-31FF-4DFA-A413-DF88807776BD}.Debug|x86.ActiveCfg = Debug|Any CPU
		{2717F512-31FF-4DFA-A413-DF88807776BD}.Debug|x86.Build.0 = Debug|Any CPU
		{2717F512-31FF-4DFA-A413-DF88807776BD}.Release|Any CPU.ActiveCfg = Release|Any CPU
		{2717F512-31FF-4DFA-A413-DF88807776BD}.Release|Any CPU.Build.0 = Release|Any CPU
		{2717F512-31FF-4DFA-A413-DF88807776BD}.Release|arm64.ActiveCfg = Release|Any CPU
		{2717F512-31FF-4DFA-A413-DF88807776BD}.Release|arm64.Build.0 = Release|Any CPU
		{2717F512-31FF-4DFA-A413-DF88807776BD}.Release|x64.ActiveCfg = Release|Any CPU
		{2717F512-31FF-4DFA-A413-DF88807776BD}.Release|x64.Build.0 = Release|Any CPU
		{2717F512-31FF-4DFA-A413-DF88807776BD}.Release|x86.ActiveCfg = Release|Any CPU
		{2717F512-31FF-4DFA-A413-DF88807776BD}.Release|x86.Build.0 = Release|Any CPU
	EndGlobalSection
	GlobalSection(SolutionProperties) = preSolution
		HideSolutionNode = FALSE
	EndGlobalSection
	GlobalSection(NestedProjects) = preSolution
		{652BCF75-76E4-459E-A3C9-7A800EE31208} = {946BF4FC-B20C-4A24-8C6E-157941D735A9}
		{962FEC68-0ED5-40C8-B87D-22341F1293B6} = {946BF4FC-B20C-4A24-8C6E-157941D735A9}
		{BFFDD3CD-953B-4023-8703-ED6A7DFA8866} = {652BCF75-76E4-459E-A3C9-7A800EE31208}
		{69B6EBE8-F114-4569-8A92-14565FF409D7} = {652BCF75-76E4-459E-A3C9-7A800EE31208}
		{2717F512-31FF-4DFA-A413-DF88807776BD} = {652BCF75-76E4-459E-A3C9-7A800EE31208}
	EndGlobalSection
	GlobalSection(ExtensibilityGlobals) = postSolution
		SolutionGuid = {BE988D56-29F5-4EEB-9C6A-90E5EB40BB40}
	EndGlobalSection
EndGlobal
