
Microsoft Visual Studio Solution File, Format Version 12.00
# Visual Studio Version 17
VisualStudioVersion = 17.6.33829.357
MinimumVisualStudioVersion = 10.0.40219.1
Project("{D954291E-2A0B-460D-934E-DC6B0785DB48}") = "XamarinBackgroundWorker.Shared", "XamarinBackgroundWorker\XamarinBackgroundWorker.Shared\XamarinBackgroundWorker.Shared.shproj", "{6279C845-92F8-4333-AB99-3D213163593C}"
EndProject
Project("{FAE04EC0-301F-11D3-BF4B-00C04F79EFBC}") = "XamarinBackgroundWorker.Droid", "XamarinBackgroundWorker\XamarinBackgroundWorker.Droid\XamarinBackgroundWorker.Droid.csproj", "{43C5B714-5702-4867-B462-2695C90564E5}"
EndProject
Project("{FAE04EC0-301F-11D3-BF4B-00C04F79EFBC}") = "XamarinBackgroundWorker.iOS", "XamarinBackgroundWorker\XamarinBackgroundWorker.iOS\XamarinBackgroundWorker.iOS.csproj", "{08C77FC4-E0D1-4CC2-A612-F2139E9B3446}"
EndProject
Project("{FAE04EC0-301F-11D3-BF4B-00C04F79EFBC}") = "XamarinBackgroundWorker.Uwp", "XamarinBackgroundWorker\XamarinBackgroundWorker.UWP\XamarinBackgroundWorker.Uwp.csproj", "{1F248723-94F2-42CB-AF09-A7BC4AA6553D}"
EndProject
Project("{FAE04EC0-301F-11D3-BF4B-00C04F79EFBC}") = "XamarinBackgroundWorker.macOS", "XamarinBackgroundWorker\XamarinBackgroundWorker.macOS\XamarinBackgroundWorker.macOS.csproj", "{D589904A-DAB6-43FF-A95C-2B162DDA1AED}"
EndProject
Global
	GlobalSection(SolutionConfigurationPlatforms) = preSolution
		Ad-Hoc|Any CPU = Ad-Hoc|Any CPU
		Ad-Hoc|ARM = Ad-Hoc|ARM
		Ad-Hoc|ARM64 = Ad-Hoc|ARM64
		Ad-Hoc|iPhone = Ad-Hoc|iPhone
		Ad-Hoc|iPhoneSimulator = Ad-Hoc|iPhoneSimulator
		Ad-Hoc|x64 = Ad-Hoc|x64
		Ad-Hoc|x86 = Ad-Hoc|x86
		AppStore|Any CPU = AppStore|Any CPU
		AppStore|ARM = AppStore|ARM
		AppStore|ARM64 = AppStore|ARM64
		AppStore|iPhone = AppStore|iPhone
		AppStore|iPhoneSimulator = AppStore|iPhoneSimulator
		AppStore|x64 = AppStore|x64
		AppStore|x86 = AppStore|x86
		Debug|Any CPU = Debug|Any CPU
		Debug|ARM = Debug|ARM
		Debug|ARM64 = Debug|ARM64
		Debug|iPhone = Debug|iPhone
		Debug|iPhoneSimulator = Debug|iPhoneSimulator
		Debug|x64 = Debug|x64
		Debug|x86 = Debug|x86
		Release|Any CPU = Release|Any CPU
		Release|ARM = Release|ARM
		Release|ARM64 = Release|ARM64
		Release|iPhone = Release|iPhone
		Release|iPhoneSimulator = Release|iPhoneSimulator
		Release|x64 = Release|x64
		Release|x86 = Release|x86
	EndGlobalSection
	GlobalSection(ProjectConfigurationPlatforms) = postSolution
		{43C5B714-5702-4867-B462-2695C90564E5}.Ad-Hoc|Any CPU.ActiveCfg = Debug|Any CPU
		{43C5B714-5702-4867-B462-2695C90564E5}.Ad-Hoc|Any CPU.Build.0 = Debug|Any CPU
		{43C5B714-5702-4867-B462-2695C90564E5}.Ad-Hoc|Any CPU.Deploy.0 = Debug|Any CPU
		{43C5B714-5702-4867-B462-2695C90564E5}.Ad-Hoc|ARM.ActiveCfg = Debug|Any CPU
		{43C5B714-5702-4867-B462-2695C90564E5}.Ad-Hoc|ARM.Build.0 = Debug|Any CPU
		{43C5B714-5702-4867-B462-2695C90564E5}.Ad-Hoc|ARM.Deploy.0 = Debug|Any CPU
		{43C5B714-5702-4867-B462-2695C90564E5}.Ad-Hoc|ARM64.ActiveCfg = Debug|Any CPU
		{43C5B714-5702-4867-B462-2695C90564E5}.Ad-Hoc|ARM64.Build.0 = Debug|Any CPU
		{43C5B714-5702-4867-B462-2695C90564E5}.Ad-Hoc|ARM64.Deploy.0 = Debug|Any CPU
		{43C5B714-5702-4867-B462-2695C90564E5}.Ad-Hoc|iPhone.ActiveCfg = Debug|Any CPU
		{43C5B714-5702-4867-B462-2695C90564E5}.Ad-Hoc|iPhone.Build.0 = Debug|Any CPU
		{43C5B714-5702-4867-B462-2695C90564E5}.Ad-Hoc|iPhone.Deploy.0 = Debug|Any CPU
		{43C5B714-5702-4867-B462-2695C90564E5}.Ad-Hoc|iPhoneSimulator.ActiveCfg = Debug|Any CPU
		{43C5B714-5702-4867-B462-2695C90564E5}.Ad-Hoc|iPhoneSimulator.Build.0 = Debug|Any CPU
		{43C5B714-5702-4867-B462-2695C90564E5}.Ad-Hoc|iPhoneSimulator.Deploy.0 = Debug|Any CPU
		{43C5B714-5702-4867-B462-2695C90564E5}.Ad-Hoc|x64.ActiveCfg = Debug|Any CPU
		{43C5B714-5702-4867-B462-2695C90564E5}.Ad-Hoc|x64.Build.0 = Debug|Any CPU
		{43C5B714-5702-4867-B462-2695C90564E5}.Ad-Hoc|x64.Deploy.0 = Debug|Any CPU
		{43C5B714-5702-4867-B462-2695C90564E5}.Ad-Hoc|x86.ActiveCfg = Debug|Any CPU
		{43C5B714-5702-4867-B462-2695C90564E5}.Ad-Hoc|x86.Build.0 = Debug|Any CPU
		{43C5B714-5702-4867-B462-2695C90564E5}.Ad-Hoc|x86.Deploy.0 = Debug|Any CPU
		{43C5B714-5702-4867-B462-2695C90564E5}.AppStore|Any CPU.ActiveCfg = Debug|Any CPU
		{43C5B714-5702-4867-B462-2695C90564E5}.AppStore|Any CPU.Build.0 = Debug|Any CPU
		{43C5B714-5702-4867-B462-2695C90564E5}.AppStore|Any CPU.Deploy.0 = Debug|Any CPU
		{43C5B714-5702-4867-B462-2695C90564E5}.AppStore|ARM.ActiveCfg = Debug|Any CPU
		{43C5B714-5702-4867-B462-2695C90564E5}.AppStore|ARM.Build.0 = Debug|Any CPU
		{43C5B714-5702-4867-B462-2695C90564E5}.AppStore|ARM.Deploy.0 = Debug|Any CPU
		{43C5B714-5702-4867-B462-2695C90564E5}.AppStore|ARM64.ActiveCfg = Debug|Any CPU
		{43C5B714-5702-4867-B462-2695C90564E5}.AppStore|ARM64.Build.0 = Debug|Any CPU
		{43C5B714-5702-4867-B462-2695C90564E5}.AppStore|ARM64.Deploy.0 = Debug|Any CPU
		{43C5B714-5702-4867-B462-2695C90564E5}.AppStore|iPhone.ActiveCfg = Debug|Any CPU
		{43C5B714-5702-4867-B462-2695C90564E5}.AppStore|iPhone.Build.0 = Debug|Any CPU
		{43C5B714-5702-4867-B462-2695C90564E5}.AppStore|iPhone.Deploy.0 = Debug|Any CPU
		{43C5B714-5702-4867-B462-2695C90564E5}.AppStore|iPhoneSimulator.ActiveCfg = Debug|Any CPU
		{43C5B714-5702-4867-B462-2695C90564E5}.AppStore|iPhoneSimulator.Build.0 = Debug|Any CPU
		{43C5B714-5702-4867-B462-2695C90564E5}.AppStore|iPhoneSimulator.Deploy.0 = Debug|Any CPU
		{43C5B714-5702-4867-B462-2695C90564E5}.AppStore|x64.ActiveCfg = Debug|Any CPU
		{43C5B714-5702-4867-B462-2695C90564E5}.AppStore|x64.Build.0 = Debug|Any CPU
		{43C5B714-5702-4867-B462-2695C90564E5}.AppStore|x64.Deploy.0 = Debug|Any CPU
		{43C5B714-5702-4867-B462-2695C90564E5}.AppStore|x86.ActiveCfg = Debug|Any CPU
		{43C5B714-5702-4867-B462-2695C90564E5}.AppStore|x86.Build.0 = Debug|Any CPU
		{43C5B714-5702-4867-B462-2695C90564E5}.AppStore|x86.Deploy.0 = Debug|Any CPU
		{43C5B714-5702-4867-B462-2695C90564E5}.Debug|Any CPU.ActiveCfg = Debug|Any CPU
		{43C5B714-5702-4867-B462-2695C90564E5}.Debug|Any CPU.Build.0 = Debug|Any CPU
		{43C5B714-5702-4867-B462-2695C90564E5}.Debug|Any CPU.Deploy.0 = Debug|Any CPU
		{43C5B714-5702-4867-B462-2695C90564E5}.Debug|ARM.ActiveCfg = Debug|Any CPU
		{43C5B714-5702-4867-B462-2695C90564E5}.Debug|ARM.Build.0 = Debug|Any CPU
		{43C5B714-5702-4867-B462-2695C90564E5}.Debug|ARM.Deploy.0 = Debug|Any CPU
		{43C5B714-5702-4867-B462-2695C90564E5}.Debug|ARM64.ActiveCfg = Debug|Any CPU
		{43C5B714-5702-4867-B462-2695C90564E5}.Debug|ARM64.Build.0 = Debug|Any CPU
		{43C5B714-5702-4867-B462-2695C90564E5}.Debug|ARM64.Deploy.0 = Debug|Any CPU
		{43C5B714-5702-4867-B462-2695C90564E5}.Debug|iPhone.ActiveCfg = Debug|Any CPU
		{43C5B714-5702-4867-B462-2695C90564E5}.Debug|iPhone.Build.0 = Debug|Any CPU
		{43C5B714-5702-4867-B462-2695C90564E5}.Debug|iPhone.Deploy.0 = Debug|Any CPU
		{43C5B714-5702-4867-B462-2695C90564E5}.Debug|iPhoneSimulator.ActiveCfg = Debug|Any CPU
		{43C5B714-5702-4867-B462-2695C90564E5}.Debug|iPhoneSimulator.Build.0 = Debug|Any CPU
		{43C5B714-5702-4867-B462-2695C90564E5}.Debug|iPhoneSimulator.Deploy.0 = Debug|Any CPU
		{43C5B714-5702-4867-B462-2695C90564E5}.Debug|x64.ActiveCfg = Debug|Any CPU
		{43C5B714-5702-4867-B462-2695C90564E5}.Debug|x64.Build.0 = Debug|Any CPU
		{43C5B714-5702-4867-B462-2695C90564E5}.Debug|x64.Deploy.0 = Debug|Any CPU
		{43C5B714-5702-4867-B462-2695C90564E5}.Debug|x86.ActiveCfg = Debug|Any CPU
		{43C5B714-5702-4867-B462-2695C90564E5}.Debug|x86.Build.0 = Debug|Any CPU
		{43C5B714-5702-4867-B462-2695C90564E5}.Debug|x86.Deploy.0 = Debug|Any CPU
		{43C5B714-5702-4867-B462-2695C90564E5}.Release|Any CPU.ActiveCfg = Release|Any CPU
		{43C5B714-5702-4867-B462-2695C90564E5}.Release|Any CPU.Build.0 = Release|Any CPU
		{43C5B714-5702-4867-B462-2695C90564E5}.Release|Any CPU.Deploy.0 = Release|Any CPU
		{43C5B714-5702-4867-B462-2695C90564E5}.Release|ARM.ActiveCfg = Release|Any CPU
		{43C5B714-5702-4867-B462-2695C90564E5}.Release|ARM.Build.0 = Release|Any CPU
		{43C5B714-5702-4867-B462-2695C90564E5}.Release|ARM.Deploy.0 = Release|Any CPU
		{43C5B714-5702-4867-B462-2695C90564E5}.Release|ARM64.ActiveCfg = Release|Any CPU
		{43C5B714-5702-4867-B462-2695C90564E5}.Release|ARM64.Build.0 = Release|Any CPU
		{43C5B714-5702-4867-B462-2695C90564E5}.Release|ARM64.Deploy.0 = Release|Any CPU
		{43C5B714-5702-4867-B462-2695C90564E5}.Release|iPhone.ActiveCfg = Release|Any CPU
		{43C5B714-5702-4867-B462-2695C90564E5}.Release|iPhone.Build.0 = Release|Any CPU
		{43C5B714-5702-4867-B462-2695C90564E5}.Release|iPhone.Deploy.0 = Release|Any CPU
		{43C5B714-5702-4867-B462-2695C90564E5}.Release|iPhoneSimulator.ActiveCfg = Release|Any CPU
		{43C5B714-5702-4867-B462-2695C90564E5}.Release|iPhoneSimulator.Build.0 = Release|Any CPU
		{43C5B714-5702-4867-B462-2695C90564E5}.Release|iPhoneSimulator.Deploy.0 = Release|Any CPU
		{43C5B714-5702-4867-B462-2695C90564E5}.Release|x64.ActiveCfg = Release|Any CPU
		{43C5B714-5702-4867-B462-2695C90564E5}.Release|x64.Build.0 = Release|Any CPU
		{43C5B714-5702-4867-B462-2695C90564E5}.Release|x64.Deploy.0 = Release|Any CPU
		{43C5B714-5702-4867-B462-2695C90564E5}.Release|x86.ActiveCfg = Release|Any CPU
		{43C5B714-5702-4867-B462-2695C90564E5}.Release|x86.Build.0 = Release|Any CPU
		{43C5B714-5702-4867-B462-2695C90564E5}.Release|x86.Deploy.0 = Release|Any CPU
		{08C77FC4-E0D1-4CC2-A612-F2139E9B3446}.Ad-Hoc|Any CPU.ActiveCfg = Ad-Hoc|iPhoneSimulator
		{08C77FC4-E0D1-4CC2-A612-F2139E9B3446}.Ad-Hoc|Any CPU.Build.0 = Ad-Hoc|iPhoneSimulator
		{08C77FC4-E0D1-4CC2-A612-F2139E9B3446}.Ad-Hoc|ARM.ActiveCfg = Ad-Hoc|iPhoneSimulator
		{08C77FC4-E0D1-4CC2-A612-F2139E9B3446}.Ad-Hoc|ARM.Build.0 = Ad-Hoc|iPhoneSimulator
		{08C77FC4-E0D1-4CC2-A612-F2139E9B3446}.Ad-Hoc|ARM64.ActiveCfg = Ad-Hoc|iPhoneSimulator
		{08C77FC4-E0D1-4CC2-A612-F2139E9B3446}.Ad-Hoc|ARM64.Build.0 = Ad-Hoc|iPhoneSimulator
		{08C77FC4-E0D1-4CC2-A612-F2139E9B3446}.Ad-Hoc|iPhone.ActiveCfg = Ad-Hoc|iPhone
		{08C77FC4-E0D1-4CC2-A612-F2139E9B3446}.Ad-Hoc|iPhone.Build.0 = Ad-Hoc|iPhone
		{08C77FC4-E0D1-4CC2-A612-F2139E9B3446}.Ad-Hoc|iPhoneSimulator.ActiveCfg = Ad-Hoc|iPhoneSimulator
		{08C77FC4-E0D1-4CC2-A612-F2139E9B3446}.Ad-Hoc|iPhoneSimulator.Build.0 = Ad-Hoc|iPhoneSimulator
		{08C77FC4-E0D1-4CC2-A612-F2139E9B3446}.Ad-Hoc|x64.ActiveCfg = Ad-Hoc|iPhoneSimulator
		{08C77FC4-E0D1-4CC2-A612-F2139E9B3446}.Ad-Hoc|x64.Build.0 = Ad-Hoc|iPhoneSimulator
		{08C77FC4-E0D1-4CC2-A612-F2139E9B3446}.Ad-Hoc|x86.ActiveCfg = Ad-Hoc|iPhoneSimulator
		{08C77FC4-E0D1-4CC2-A612-F2139E9B3446}.Ad-Hoc|x86.Build.0 = Ad-Hoc|iPhoneSimulator
		{08C77FC4-E0D1-4CC2-A612-F2139E9B3446}.AppStore|Any CPU.ActiveCfg = AppStore|iPhoneSimulator
		{08C77FC4-E0D1-4CC2-A612-F2139E9B3446}.AppStore|Any CPU.Build.0 = AppStore|iPhoneSimulator
		{08C77FC4-E0D1-4CC2-A612-F2139E9B3446}.AppStore|ARM.ActiveCfg = AppStore|iPhoneSimulator
		{08C77FC4-E0D1-4CC2-A612-F2139E9B3446}.AppStore|ARM.Build.0 = AppStore|iPhoneSimulator
		{08C77FC4-E0D1-4CC2-A612-F2139E9B3446}.AppStore|ARM64.ActiveCfg = AppStore|iPhoneSimulator
		{08C77FC4-E0D1-4CC2-A612-F2139E9B3446}.AppStore|ARM64.Build.0 = AppStore|iPhoneSimulator
		{08C77FC4-E0D1-4CC2-A612-F2139E9B3446}.AppStore|iPhone.ActiveCfg = AppStore|iPhone
		{08C77FC4-E0D1-4CC2-A612-F2139E9B3446}.AppStore|iPhone.Build.0 = AppStore|iPhone
		{08C77FC4-E0D1-4CC2-A612-F2139E9B3446}.AppStore|iPhoneSimulator.ActiveCfg = AppStore|iPhoneSimulator
		{08C77FC4-E0D1-4CC2-A612-F2139E9B3446}.AppStore|iPhoneSimulator.Build.0 = AppStore|iPhoneSimulator
		{08C77FC4-E0D1-4CC2-A612-F2139E9B3446}.AppStore|x64.ActiveCfg = AppStore|iPhoneSimulator
		{08C77FC4-E0D1-4CC2-A612-F2139E9B3446}.AppStore|x64.Build.0 = AppStore|iPhoneSimulator
		{08C77FC4-E0D1-4CC2-A612-F2139E9B3446}.AppStore|x86.ActiveCfg = AppStore|iPhoneSimulator
		{08C77FC4-E0D1-4CC2-A612-F2139E9B3446}.AppStore|x86.Build.0 = AppStore|iPhoneSimulator
		{08C77FC4-E0D1-4CC2-A612-F2139E9B3446}.Debug|Any CPU.ActiveCfg = Debug|iPhoneSimulator
		{08C77FC4-E0D1-4CC2-A612-F2139E9B3446}.Debug|Any CPU.Build.0 = Debug|iPhoneSimulator
		{08C77FC4-E0D1-4CC2-A612-F2139E9B3446}.Debug|ARM.ActiveCfg = Debug|iPhoneSimulator
		{08C77FC4-E0D1-4CC2-A612-F2139E9B3446}.Debug|ARM.Build.0 = Debug|iPhoneSimulator
		{08C77FC4-E0D1-4CC2-A612-F2139E9B3446}.Debug|ARM64.ActiveCfg = Debug|iPhoneSimulator
		{08C77FC4-E0D1-4CC2-A612-F2139E9B3446}.Debug|ARM64.Build.0 = Debug|iPhoneSimulator
		{08C77FC4-E0D1-4CC2-A612-F2139E9B3446}.Debug|iPhone.ActiveCfg = Debug|iPhone
		{08C77FC4-E0D1-4CC2-A612-F2139E9B3446}.Debug|iPhone.Build.0 = Debug|iPhone
		{08C77FC4-E0D1-4CC2-A612-F2139E9B3446}.Debug|iPhoneSimulator.ActiveCfg = Debug|iPhoneSimulator
		{08C77FC4-E0D1-4CC2-A612-F2139E9B3446}.Debug|iPhoneSimulator.Build.0 = Debug|iPhoneSimulator
		{08C77FC4-E0D1-4CC2-A612-F2139E9B3446}.Debug|x64.ActiveCfg = Debug|iPhoneSimulator
		{08C77FC4-E0D1-4CC2-A612-F2139E9B3446}.Debug|x64.Build.0 = Debug|iPhoneSimulator
		{08C77FC4-E0D1-4CC2-A612-F2139E9B3446}.Debug|x86.ActiveCfg = Debug|iPhoneSimulator
		{08C77FC4-E0D1-4CC2-A612-F2139E9B3446}.Debug|x86.Build.0 = Debug|iPhoneSimulator
		{08C77FC4-E0D1-4CC2-A612-F2139E9B3446}.Release|Any CPU.ActiveCfg = Release|iPhoneSimulator
		{08C77FC4-E0D1-4CC2-A612-F2139E9B3446}.Release|Any CPU.Build.0 = Release|iPhoneSimulator
		{08C77FC4-E0D1-4CC2-A612-F2139E9B3446}.Release|ARM.ActiveCfg = Release|iPhoneSimulator
		{08C77FC4-E0D1-4CC2-A612-F2139E9B3446}.Release|ARM.Build.0 = Release|iPhoneSimulator
		{08C77FC4-E0D1-4CC2-A612-F2139E9B3446}.Release|ARM64.ActiveCfg = Release|iPhoneSimulator
		{08C77FC4-E0D1-4CC2-A612-F2139E9B3446}.Release|ARM64.Build.0 = Release|iPhoneSimulator
		{08C77FC4-E0D1-4CC2-A612-F2139E9B3446}.Release|iPhone.ActiveCfg = Release|iPhone
		{08C77FC4-E0D1-4CC2-A612-F2139E9B3446}.Release|iPhone.Build.0 = Release|iPhone
		{08C77FC4-E0D1-4CC2-A612-F2139E9B3446}.Release|iPhoneSimulator.ActiveCfg = Release|iPhoneSimulator
		{08C77FC4-E0D1-4CC2-A612-F2139E9B3446}.Release|iPhoneSimulator.Build.0 = Release|iPhoneSimulator
		{08C77FC4-E0D1-4CC2-A612-F2139E9B3446}.Release|x64.ActiveCfg = Release|iPhoneSimulator
		{08C77FC4-E0D1-4CC2-A612-F2139E9B3446}.Release|x64.Build.0 = Release|iPhoneSimulator
		{08C77FC4-E0D1-4CC2-A612-F2139E9B3446}.Release|x86.ActiveCfg = Release|iPhoneSimulator
		{08C77FC4-E0D1-4CC2-A612-F2139E9B3446}.Release|x86.Build.0 = Release|iPhoneSimulator
		{1F248723-94F2-42CB-AF09-A7BC4AA6553D}.Ad-Hoc|Any CPU.ActiveCfg = Debug|x64
		{1F248723-94F2-42CB-AF09-A7BC4AA6553D}.Ad-Hoc|Any CPU.Build.0 = Debug|x64
		{1F248723-94F2-42CB-AF09-A7BC4AA6553D}.Ad-Hoc|Any CPU.Deploy.0 = Debug|x64
		{1F248723-94F2-42CB-AF09-A7BC4AA6553D}.Ad-Hoc|ARM.ActiveCfg = Debug|ARM
		{1F248723-94F2-42CB-AF09-A7BC4AA6553D}.Ad-Hoc|ARM.Build.0 = Debug|ARM
		{1F248723-94F2-42CB-AF09-A7BC4AA6553D}.Ad-Hoc|ARM.Deploy.0 = Debug|ARM
		{1F248723-94F2-42CB-AF09-A7BC4AA6553D}.Ad-Hoc|ARM64.ActiveCfg = Debug|ARM64
		{1F248723-94F2-42CB-AF09-A7BC4AA6553D}.Ad-Hoc|ARM64.Build.0 = Debug|ARM64
		{1F248723-94F2-42CB-AF09-A7BC4AA6553D}.Ad-Hoc|ARM64.Deploy.0 = Debug|ARM64
		{1F248723-94F2-42CB-AF09-A7BC4AA6553D}.Ad-Hoc|iPhone.ActiveCfg = Debug|x64
		{1F248723-94F2-42CB-AF09-A7BC4AA6553D}.Ad-Hoc|iPhone.Build.0 = Debug|x64
		{1F248723-94F2-42CB-AF09-A7BC4AA6553D}.Ad-Hoc|iPhone.Deploy.0 = Debug|x64
		{1F248723-94F2-42CB-AF09-A7BC4AA6553D}.Ad-Hoc|iPhoneSimulator.ActiveCfg = Debug|x64
		{1F248723-94F2-42CB-AF09-A7BC4AA6553D}.Ad-Hoc|iPhoneSimulator.Build.0 = Debug|x64
		{1F248723-94F2-42CB-AF09-A7BC4AA6553D}.Ad-Hoc|iPhoneSimulator.Deploy.0 = Debug|x64
		{1F248723-94F2-42CB-AF09-A7BC4AA6553D}.Ad-Hoc|x64.ActiveCfg = Debug|x64
		{1F248723-94F2-42CB-AF09-A7BC4AA6553D}.Ad-Hoc|x64.Build.0 = Debug|x64
		{1F248723-94F2-42CB-AF09-A7BC4AA6553D}.Ad-Hoc|x64.Deploy.0 = Debug|x64
		{1F248723-94F2-42CB-AF09-A7BC4AA6553D}.Ad-Hoc|x86.ActiveCfg = Debug|x86
		{1F248723-94F2-42CB-AF09-A7BC4AA6553D}.Ad-Hoc|x86.Build.0 = Debug|x86
		{1F248723-94F2-42CB-AF09-A7BC4AA6553D}.Ad-Hoc|x86.Deploy.0 = Debug|x86
		{1F248723-94F2-42CB-AF09-A7BC4AA6553D}.AppStore|Any CPU.ActiveCfg = Debug|x64
		{1F248723-94F2-42CB-AF09-A7BC4AA6553D}.AppStore|Any CPU.Build.0 = Debug|x64
		{1F248723-94F2-42CB-AF09-A7BC4AA6553D}.AppStore|Any CPU.Deploy.0 = Debug|x64
		{1F248723-94F2-42CB-AF09-A7BC4AA6553D}.AppStore|ARM.ActiveCfg = Debug|ARM
		{1F248723-94F2-42CB-AF09-A7BC4AA6553D}.AppStore|ARM.Build.0 = Debug|ARM
		{1F248723-94F2-42CB-AF09-A7BC4AA6553D}.AppStore|ARM.Deploy.0 = Debug|ARM
		{1F248723-94F2-42CB-AF09-A7BC4AA6553D}.AppStore|ARM64.ActiveCfg = Debug|ARM64
		{1F248723-94F2-42CB-AF09-A7BC4AA6553D}.AppStore|ARM64.Build.0 = Debug|ARM64
		{1F248723-94F2-42CB-AF09-A7BC4AA6553D}.AppStore|ARM64.Deploy.0 = Debug|ARM64
		{1F248723-94F2-42CB-AF09-A7BC4AA6553D}.AppStore|iPhone.ActiveCfg = Debug|x64
		{1F248723-94F2-42CB-AF09-A7BC4AA6553D}.AppStore|iPhone.Build.0 = Debug|x64
		{1F248723-94F2-42CB-AF09-A7BC4AA6553D}.AppStore|iPhone.Deploy.0 = Debug|x64
		{1F248723-94F2-42CB-AF09-A7BC4AA6553D}.AppStore|iPhoneSimulator.ActiveCfg = Debug|x64
		{1F248723-94F2-42CB-AF09-A7BC4AA6553D}.AppStore|iPhoneSimulator.Build.0 = Debug|x64
		{1F248723-94F2-42CB-AF09-A7BC4AA6553D}.AppStore|iPhoneSimulator.Deploy.0 = Debug|x64
		{1F248723-94F2-42CB-AF09-A7BC4AA6553D}.AppStore|x64.ActiveCfg = Debug|x64
		{1F248723-94F2-42CB-AF09-A7BC4AA6553D}.AppStore|x64.Build.0 = Debug|x64
		{1F248723-94F2-42CB-AF09-A7BC4AA6553D}.AppStore|x64.Deploy.0 = Debug|x64
		{1F248723-94F2-42CB-AF09-A7BC4AA6553D}.AppStore|x86.ActiveCfg = Debug|x86
		{1F248723-94F2-42CB-AF09-A7BC4AA6553D}.AppStore|x86.Build.0 = Debug|x86
		{1F248723-94F2-42CB-AF09-A7BC4AA6553D}.AppStore|x86.Deploy.0 = Debug|x86
		{1F248723-94F2-42CB-AF09-A7BC4AA6553D}.Debug|Any CPU.ActiveCfg = Debug|x64
		{1F248723-94F2-42CB-AF09-A7BC4AA6553D}.Debug|Any CPU.Build.0 = Debug|x64
		{1F248723-94F2-42CB-AF09-A7BC4AA6553D}.Debug|Any CPU.Deploy.0 = Debug|x64
		{1F248723-94F2-42CB-AF09-A7BC4AA6553D}.Debug|ARM.ActiveCfg = Debug|ARM
		{1F248723-94F2-42CB-AF09-A7BC4AA6553D}.Debug|ARM.Build.0 = Debug|ARM
		{1F248723-94F2-42CB-AF09-A7BC4AA6553D}.Debug|ARM.Deploy.0 = Debug|ARM
		{1F248723-94F2-42CB-AF09-A7BC4AA6553D}.Debug|ARM64.ActiveCfg = Debug|ARM64
		{1F248723-94F2-42CB-AF09-A7BC4AA6553D}.Debug|ARM64.Build.0 = Debug|ARM64
		{1F248723-94F2-42CB-AF09-A7BC4AA6553D}.Debug|ARM64.Deploy.0 = Debug|ARM64
		{1F248723-94F2-42CB-AF09-A7BC4AA6553D}.Debug|iPhone.ActiveCfg = Debug|x64
		{1F248723-94F2-42CB-AF09-A7BC4AA6553D}.Debug|iPhone.Build.0 = Debug|x64
		{1F248723-94F2-42CB-AF09-A7BC4AA6553D}.Debug|iPhone.Deploy.0 = Debug|x64
		{1F248723-94F2-42CB-AF09-A7BC4AA6553D}.Debug|iPhoneSimulator.ActiveCfg = Debug|x64
		{1F248723-94F2-42CB-AF09-A7BC4AA6553D}.Debug|iPhoneSimulator.Build.0 = Debug|x64
		{1F248723-94F2-42CB-AF09-A7BC4AA6553D}.Debug|iPhoneSimulator.Deploy.0 = Debug|x64
		{1F248723-94F2-42CB-AF09-A7BC4AA6553D}.Debug|x64.ActiveCfg = Debug|x64
		{1F248723-94F2-42CB-AF09-A7BC4AA6553D}.Debug|x64.Build.0 = Debug|x64
		{1F248723-94F2-42CB-AF09-A7BC4AA6553D}.Debug|x64.Deploy.0 = Debug|x64
		{1F248723-94F2-42CB-AF09-A7BC4AA6553D}.Debug|x86.ActiveCfg = Debug|x86
		{1F248723-94F2-42CB-AF09-A7BC4AA6553D}.Debug|x86.Build.0 = Debug|x86
		{1F248723-94F2-42CB-AF09-A7BC4AA6553D}.Debug|x86.Deploy.0 = Debug|x86
		{1F248723-94F2-42CB-AF09-A7BC4AA6553D}.Release|Any CPU.ActiveCfg = Release|x64
		{1F248723-94F2-42CB-AF09-A7BC4AA6553D}.Release|Any CPU.Build.0 = Release|x64
		{1F248723-94F2-42CB-AF09-A7BC4AA6553D}.Release|Any CPU.Deploy.0 = Release|x64
		{1F248723-94F2-42CB-AF09-A7BC4AA6553D}.Release|ARM.ActiveCfg = Release|ARM
		{1F248723-94F2-42CB-AF09-A7BC4AA6553D}.Release|ARM.Build.0 = Release|ARM
		{1F248723-94F2-42CB-AF09-A7BC4AA6553D}.Release|ARM.Deploy.0 = Release|ARM
		{1F248723-94F2-42CB-AF09-A7BC4AA6553D}.Release|ARM64.ActiveCfg = Release|ARM64
		{1F248723-94F2-42CB-AF09-A7BC4AA6553D}.Release|ARM64.Build.0 = Release|ARM64
		{1F248723-94F2-42CB-AF09-A7BC4AA6553D}.Release|ARM64.Deploy.0 = Release|ARM64
		{1F248723-94F2-42CB-AF09-A7BC4AA6553D}.Release|iPhone.ActiveCfg = Release|x64
		{1F248723-94F2-42CB-AF09-A7BC4AA6553D}.Release|iPhone.Build.0 = Release|x64
		{1F248723-94F2-42CB-AF09-A7BC4AA6553D}.Release|iPhone.Deploy.0 = Release|x64
		{1F248723-94F2-42CB-AF09-A7BC4AA6553D}.Release|iPhoneSimulator.ActiveCfg = Release|x64
		{1F248723-94F2-42CB-AF09-A7BC4AA6553D}.Release|iPhoneSimulator.Build.0 = Release|x64
		{1F248723-94F2-42CB-AF09-A7BC4AA6553D}.Release|iPhoneSimulator.Deploy.0 = Release|x64
		{1F248723-94F2-42CB-AF09-A7BC4AA6553D}.Release|x64.ActiveCfg = Release|x64
		{1F248723-94F2-42CB-AF09-A7BC4AA6553D}.Release|x64.Build.0 = Release|x64
		{1F248723-94F2-42CB-AF09-A7BC4AA6553D}.Release|x64.Deploy.0 = Release|x64
		{1F248723-94F2-42CB-AF09-A7BC4AA6553D}.Release|x86.ActiveCfg = Release|x86
		{1F248723-94F2-42CB-AF09-A7BC4AA6553D}.Release|x86.Build.0 = Release|x86
		{1F248723-94F2-42CB-AF09-A7BC4AA6553D}.Release|x86.Deploy.0 = Release|x86
		{D589904A-DAB6-43FF-A95C-2B162DDA1AED}.Ad-Hoc|Any CPU.ActiveCfg = Debug|iPhoneSimulator
		{D589904A-DAB6-43FF-A95C-2B162DDA1AED}.Ad-Hoc|Any CPU.Build.0 = Debug|iPhoneSimulator
		{D589904A-DAB6-43FF-A95C-2B162DDA1AED}.Ad-Hoc|ARM.ActiveCfg = Debug|iPhoneSimulator
		{D589904A-DAB6-43FF-A95C-2B162DDA1AED}.Ad-Hoc|ARM.Build.0 = Debug|iPhoneSimulator
		{D589904A-DAB6-43FF-A95C-2B162DDA1AED}.Ad-Hoc|ARM64.ActiveCfg = Debug|iPhoneSimulator
		{D589904A-DAB6-43FF-A95C-2B162DDA1AED}.Ad-Hoc|ARM64.Build.0 = Debug|iPhoneSimulator
		{D589904A-DAB6-43FF-A95C-2B162DDA1AED}.Ad-Hoc|iPhone.ActiveCfg = Debug|iPhoneSimulator
		{D589904A-DAB6-43FF-A95C-2B162DDA1AED}.Ad-Hoc|iPhone.Build.0 = Debug|iPhoneSimulator
		{D589904A-DAB6-43FF-A95C-2B162DDA1AED}.Ad-Hoc|iPhoneSimulator.ActiveCfg = Debug|iPhoneSimulator
		{D589904A-DAB6-43FF-A95C-2B162DDA1AED}.Ad-Hoc|iPhoneSimulator.Build.0 = Debug|iPhoneSimulator
		{D589904A-DAB6-43FF-A95C-2B162DDA1AED}.Ad-Hoc|x64.ActiveCfg = Debug|iPhoneSimulator
		{D589904A-DAB6-43FF-A95C-2B162DDA1AED}.Ad-Hoc|x64.Build.0 = Debug|iPhoneSimulator
		{D589904A-DAB6-43FF-A95C-2B162DDA1AED}.Ad-Hoc|x86.ActiveCfg = Debug|iPhoneSimulator
		{D589904A-DAB6-43FF-A95C-2B162DDA1AED}.Ad-Hoc|x86.Build.0 = Debug|iPhoneSimulator
		{D589904A-DAB6-43FF-A95C-2B162DDA1AED}.AppStore|Any CPU.ActiveCfg = Debug|iPhoneSimulator
		{D589904A-DAB6-43FF-A95C-2B162DDA1AED}.AppStore|Any CPU.Build.0 = Debug|iPhoneSimulator
		{D589904A-DAB6-43FF-A95C-2B162DDA1AED}.AppStore|ARM.ActiveCfg = Debug|iPhoneSimulator
		{D589904A-DAB6-43FF-A95C-2B162DDA1AED}.AppStore|ARM.Build.0 = Debug|iPhoneSimulator
		{D589904A-DAB6-43FF-A95C-2B162DDA1AED}.AppStore|ARM64.ActiveCfg = Debug|iPhoneSimulator
		{D589904A-DAB6-43FF-A95C-2B162DDA1AED}.AppStore|ARM64.Build.0 = Debug|iPhoneSimulator
		{D589904A-DAB6-43FF-A95C-2B162DDA1AED}.AppStore|iPhone.ActiveCfg = Debug|iPhoneSimulator
		{D589904A-DAB6-43FF-A95C-2B162DDA1AED}.AppStore|iPhone.Build.0 = Debug|iPhoneSimulator
		{D589904A-DAB6-43FF-A95C-2B162DDA1AED}.AppStore|iPhoneSimulator.ActiveCfg = Debug|iPhoneSimulator
		{D589904A-DAB6-43FF-A95C-2B162DDA1AED}.AppStore|iPhoneSimulator.Build.0 = Debug|iPhoneSimulator
		{D589904A-DAB6-43FF-A95C-2B162DDA1AED}.AppStore|x64.ActiveCfg = Debug|iPhoneSimulator
		{D589904A-DAB6-43FF-A95C-2B162DDA1AED}.AppStore|x64.Build.0 = Debug|iPhoneSimulator
		{D589904A-DAB6-43FF-A95C-2B162DDA1AED}.AppStore|x86.ActiveCfg = Debug|iPhoneSimulator
		{D589904A-DAB6-43FF-A95C-2B162DDA1AED}.AppStore|x86.Build.0 = Debug|iPhoneSimulator
		{D589904A-DAB6-43FF-A95C-2B162DDA1AED}.Debug|Any CPU.ActiveCfg = Debug|iPhoneSimulator
		{D589904A-DAB6-43FF-A95C-2B162DDA1AED}.Debug|Any CPU.Build.0 = Debug|iPhoneSimulator
		{D589904A-DAB6-43FF-A95C-2B162DDA1AED}.Debug|ARM.ActiveCfg = Debug|iPhoneSimulator
		{D589904A-DAB6-43FF-A95C-2B162DDA1AED}.Debug|ARM.Build.0 = Debug|iPhoneSimulator
		{D589904A-DAB6-43FF-A95C-2B162DDA1AED}.Debug|ARM64.ActiveCfg = Debug|iPhoneSimulator
		{D589904A-DAB6-43FF-A95C-2B162DDA1AED}.Debug|ARM64.Build.0 = Debug|iPhoneSimulator
		{D589904A-DAB6-43FF-A95C-2B162DDA1AED}.Debug|iPhone.ActiveCfg = Debug|iPhoneSimulator
		{D589904A-DAB6-43FF-A95C-2B162DDA1AED}.Debug|iPhone.Build.0 = Debug|iPhoneSimulator
		{D589904A-DAB6-43FF-A95C-2B162DDA1AED}.Debug|iPhoneSimulator.ActiveCfg = Debug|iPhoneSimulator
		{D589904A-DAB6-43FF-A95C-2B162DDA1AED}.Debug|iPhoneSimulator.Build.0 = Debug|iPhoneSimulator
		{D589904A-DAB6-43FF-A95C-2B162DDA1AED}.Debug|x64.ActiveCfg = Debug|iPhoneSimulator
		{D589904A-DAB6-43FF-A95C-2B162DDA1AED}.Debug|x64.Build.0 = Debug|iPhoneSimulator
		{D589904A-DAB6-43FF-A95C-2B162DDA1AED}.Debug|x86.ActiveCfg = Debug|iPhoneSimulator
		{D589904A-DAB6-43FF-A95C-2B162DDA1AED}.Debug|x86.Build.0 = Debug|iPhoneSimulator
		{D589904A-DAB6-43FF-A95C-2B162DDA1AED}.Release|Any CPU.ActiveCfg = Release|iPhoneSimulator
		{D589904A-DAB6-43FF-A95C-2B162DDA1AED}.Release|Any CPU.Build.0 = Release|iPhoneSimulator
		{D589904A-DAB6-43FF-A95C-2B162DDA1AED}.Release|ARM.ActiveCfg = Release|iPhoneSimulator
		{D589904A-DAB6-43FF-A95C-2B162DDA1AED}.Release|ARM.Build.0 = Release|iPhoneSimulator
		{D589904A-DAB6-43FF-A95C-2B162DDA1AED}.Release|ARM64.ActiveCfg = Release|iPhoneSimulator
		{D589904A-DAB6-43FF-A95C-2B162DDA1AED}.Release|ARM64.Build.0 = Release|iPhoneSimulator
		{D589904A-DAB6-43FF-A95C-2B162DDA1AED}.Release|iPhone.ActiveCfg = Release|iPhoneSimulator
		{D589904A-DAB6-43FF-A95C-2B162DDA1AED}.Release|iPhone.Build.0 = Release|iPhoneSimulator
		{D589904A-DAB6-43FF-A95C-2B162DDA1AED}.Release|iPhoneSimulator.ActiveCfg = Release|iPhoneSimulator
		{D589904A-DAB6-43FF-A95C-2B162DDA1AED}.Release|iPhoneSimulator.Build.0 = Release|iPhoneSimulator
		{D589904A-DAB6-43FF-A95C-2B162DDA1AED}.Release|x64.ActiveCfg = Release|iPhoneSimulator
		{D589904A-DAB6-43FF-A95C-2B162DDA1AED}.Release|x64.Build.0 = Release|iPhoneSimulator
		{D589904A-DAB6-43FF-A95C-2B162DDA1AED}.Release|x86.ActiveCfg = Release|iPhoneSimulator
		{D589904A-DAB6-43FF-A95C-2B162DDA1AED}.Release|x86.Build.0 = Release|iPhoneSimulator
	EndGlobalSection
	GlobalSection(SolutionProperties) = preSolution
		HideSolutionNode = FALSE
	EndGlobalSection
	GlobalSection(ExtensibilityGlobals) = postSolution
		SolutionGuid = {24D08896-B0C5-4614-A909-55FD4C56C9F2}
	EndGlobalSection
	GlobalSection(SharedMSBuildProjectFiles) = preSolution
		XamarinBackgroundWorker\XamarinBackgroundWorker.Shared\XamarinBackgroundWorker.Shared.projitems*{08c77fc4-e0d1-4cc2-a612-f2139e9b3446}*SharedItemsImports = 4
		XamarinBackgroundWorker\XamarinBackgroundWorker.Shared\XamarinBackgroundWorker.Shared.projitems*{1f248723-94f2-42cb-af09-a7bc4aa6553d}*SharedItemsImports = 4
		XamarinBackgroundWorker\XamarinBackgroundWorker.Shared\XamarinBackgroundWorker.Shared.projitems*{43c5b714-5702-4867-b462-2695c90564e5}*SharedItemsImports = 4
		XamarinBackgroundWorker\XamarinBackgroundWorker.Shared\XamarinBackgroundWorker.Shared.projitems*{6279c845-92f8-4333-ab99-3d213163593c}*SharedItemsImports = 13
		XamarinBackgroundWorker\XamarinBackgroundWorker.Shared\XamarinBackgroundWorker.Shared.projitems*{d589904a-dab6-43ff-a95c-2b162dda1aed}*SharedItemsImports = 4
	EndGlobalSection
EndGlobal
