
Microsoft Visual Studio Solution File, Format Version 12.00
# Visual Studio Version 17
VisualStudioVersion = 17.4.33213.308
MinimumVisualStudioVersion = 10.0.40219.1
Project("{D954291E-2A0B-460D-934E-DC6B0785DB48}") = "UnoMSAL.Shared", "UnoMSAL\UnoMSAL.Shared\UnoMSAL.Shared.shproj", "{6279C845-92F8-4333-AB99-3D213163593C}"
EndProject
Project("{2150E333-8FDC-42A3-9474-1A3956D46DE8}") = "Platforms", "Platforms", "{4582B8DC-DDD1-40AE-9CCC-160FDD27BC10}"
EndProject
Project("{FAE04EC0-301F-11D3-BF4B-00C04F79EFBC}") = "UnoMSAL.Wasm", "UnoMSAL\UnoMSAL.Wasm\UnoMSAL.Wasm.csproj", "{7E290DB6-53CC-4F7C-BF20-7A6FB73ECC2C}"
EndProject
Project("{FAE04EC0-301F-11D3-BF4B-00C04F79EFBC}") = "UnoMSAL.Mobile", "UnoMSAL\UnoMSAL.Mobile\UnoMSAL.Mobile.csproj", "{F6B8FC81-EA6B-460F-8284-AB2623725A5B}"
EndProject
Project("{FAE04EC0-301F-11D3-BF4B-00C04F79EFBC}") = "UnoMSAL.Windows", "UnoMSAL\UnoMSAL.Windows\UnoMSAL.Windows.csproj", "{1AEC622C-9113-40B8-BA34-25CB6A323EF7}"
EndProject
Global
	GlobalSection(SolutionConfigurationPlatforms) = preSolution
		Debug|Any CPU = Debug|Any CPU
		Debug|arm64 = Debug|arm64
		Debug|x64 = Debug|x64
		Debug|x86 = Debug|x86
		Release|Any CPU = Release|Any CPU
		Release|arm64 = Release|arm64
		Release|x64 = Release|x64
		Release|x86 = Release|x86
	EndGlobalSection
	GlobalSection(ProjectConfigurationPlatforms) = postSolution
		{7E290DB6-53CC-4F7C-BF20-7A6FB73ECC2C}.Debug|Any CPU.ActiveCfg = Debug|Any CPU
		{7E290DB6-53CC-4F7C-BF20-7A6FB73ECC2C}.Debug|Any CPU.Build.0 = Debug|Any CPU
		{7E290DB6-53CC-4F7C-BF20-7A6FB73ECC2C}.Debug|arm64.ActiveCfg = Debug|Any CPU
		{7E290DB6-53CC-4F7C-BF20-7A6FB73ECC2C}.Debug|arm64.Build.0 = Debug|Any CPU
		{7E290DB6-53CC-4F7C-BF20-7A6FB73ECC2C}.Debug|x64.ActiveCfg = Debug|Any CPU
		{7E290DB6-53CC-4F7C-BF20-7A6FB73ECC2C}.Debug|x64.Build.0 = Debug|Any CPU
		{7E290DB6-53CC-4F7C-BF20-7A6FB73ECC2C}.Debug|x86.ActiveCfg = Debug|Any CPU
		{7E290DB6-53CC-4F7C-BF20-7A6FB73ECC2C}.Debug|x86.Build.0 = Debug|Any CPU
		{7E290DB6-53CC-4F7C-BF20-7A6FB73ECC2C}.Release|Any CPU.ActiveCfg = Release|Any CPU
		{7E290DB6-53CC-4F7C-BF20-7A6FB73ECC2C}.Release|Any CPU.Build.0 = Release|Any CPU
		{7E290DB6-53CC-4F7C-BF20-7A6FB73ECC2C}.Release|arm64.ActiveCfg = Release|Any CPU
		{7E290DB6-53CC-4F7C-BF20-7A6FB73ECC2C}.Release|arm64.Build.0 = Release|Any CPU
		{7E290DB6-53CC-4F7C-BF20-7A6FB73ECC2C}.Release|x64.ActiveCfg = Release|Any CPU
		{7E290DB6-53CC-4F7C-BF20-7A6FB73ECC2C}.Release|x64.Build.0 = Release|Any CPU
		{7E290DB6-53CC-4F7C-BF20-7A6FB73ECC2C}.Release|x86.ActiveCfg = Release|Any CPU
		{7E290DB6-53CC-4F7C-BF20-7A6FB73ECC2C}.Release|x86.Build.0 = Release|Any CPU
		{F6B8FC81-EA6B-460F-8284-AB2623725A5B}.Debug|Any CPU.ActiveCfg = Debug|Any CPU
		{F6B8FC81-EA6B-460F-8284-AB2623725A5B}.Debug|Any CPU.Build.0 = Debug|Any CPU
		{F6B8FC81-EA6B-460F-8284-AB2623725A5B}.Debug|Any CPU.Deploy.0 = Debug|Any CPU
		{F6B8FC81-EA6B-460F-8284-AB2623725A5B}.Debug|arm64.ActiveCfg = Debug|Any CPU
		{F6B8FC81-EA6B-460F-8284-AB2623725A5B}.Debug|arm64.Build.0 = Debug|Any CPU
		{F6B8FC81-EA6B-460F-8284-AB2623725A5B}.Debug|arm64.Deploy.0 = Debug|Any CPU
		{F6B8FC81-EA6B-460F-8284-AB2623725A5B}.Debug|x64.ActiveCfg = Debug|Any CPU
		{F6B8FC81-EA6B-460F-8284-AB2623725A5B}.Debug|x64.Build.0 = Debug|Any CPU
		{F6B8FC81-EA6B-460F-8284-AB2623725A5B}.Debug|x64.Deploy.0 = Debug|Any CPU
		{F6B8FC81-EA6B-460F-8284-AB2623725A5B}.Debug|x86.ActiveCfg = Debug|Any CPU
		{F6B8FC81-EA6B-460F-8284-AB2623725A5B}.Debug|x86.Build.0 = Debug|Any CPU
		{F6B8FC81-EA6B-460F-8284-AB2623725A5B}.Debug|x86.Deploy.0 = Debug|Any CPU
		{F6B8FC81-EA6B-460F-8284-AB2623725A5B}.Release|Any CPU.ActiveCfg = Release|Any CPU
		{F6B8FC81-EA6B-460F-8284-AB2623725A5B}.Release|Any CPU.Build.0 = Release|Any CPU
		{F6B8FC81-EA6B-460F-8284-AB2623725A5B}.Release|Any CPU.Deploy.0 = Release|Any CPU
		{F6B8FC81-EA6B-460F-8284-AB2623725A5B}.Release|arm64.ActiveCfg = Release|Any CPU
		{F6B8FC81-EA6B-460F-8284-AB2623725A5B}.Release|arm64.Build.0 = Release|Any CPU
		{F6B8FC81-EA6B-460F-8284-AB2623725A5B}.Release|arm64.Deploy.0 = Release|Any CPU
		{F6B8FC81-EA6B-460F-8284-AB2623725A5B}.Release|x64.ActiveCfg = Release|Any CPU
		{F6B8FC81-EA6B-460F-8284-AB2623725A5B}.Release|x64.Build.0 = Release|Any CPU
		{F6B8FC81-EA6B-460F-8284-AB2623725A5B}.Release|x64.Deploy.0 = Release|Any CPU
		{F6B8FC81-EA6B-460F-8284-AB2623725A5B}.Release|x86.ActiveCfg = Release|Any CPU
		{F6B8FC81-EA6B-460F-8284-AB2623725A5B}.Release|x86.Build.0 = Release|Any CPU
		{F6B8FC81-EA6B-460F-8284-AB2623725A5B}.Release|x86.Deploy.0 = Release|Any CPU
		{1AEC622C-9113-40B8-BA34-25CB6A323EF7}.Debug|Any CPU.ActiveCfg = Debug|x64
		{1AEC622C-9113-40B8-BA34-25CB6A323EF7}.Debug|Any CPU.Build.0 = Debug|x64
		{1AEC622C-9113-40B8-BA34-25CB6A323EF7}.Debug|Any CPU.Deploy.0 = Debug|x64
		{1AEC622C-9113-40B8-BA34-25CB6A323EF7}.Debug|arm64.ActiveCfg = Debug|arm64
		{1AEC622C-9113-40B8-BA34-25CB6A323EF7}.Debug|arm64.Build.0 = Debug|arm64
		{1AEC622C-9113-40B8-BA34-25CB6A323EF7}.Debug|arm64.Deploy.0 = Debug|arm64
		{1AEC622C-9113-40B8-BA34-25CB6A323EF7}.Debug|x64.ActiveCfg = Debug|x64
		{1AEC622C-9113-40B8-BA34-25CB6A323EF7}.Debug|x64.Build.0 = Debug|x64
		{1AEC622C-9113-40B8-BA34-25CB6A323EF7}.Debug|x64.Deploy.0 = Debug|x64
		{1AEC622C-9113-40B8-BA34-25CB6A323EF7}.Debug|x86.ActiveCfg = Debug|x86
		{1AEC622C-9113-40B8-BA34-25CB6A323EF7}.Debug|x86.Build.0 = Debug|x86
		{1AEC622C-9113-40B8-BA34-25CB6A323EF7}.Debug|x86.Deploy.0 = Debug|x86
		{1AEC622C-9113-40B8-BA34-25CB6A323EF7}.Release|Any CPU.ActiveCfg = Release|x64
		{1AEC622C-9113-40B8-BA34-25CB6A323EF7}.Release|Any CPU.Build.0 = Release|x64
		{1AEC622C-9113-40B8-BA34-25CB6A323EF7}.Release|Any CPU.Deploy.0 = Release|x64
		{1AEC622C-9113-40B8-BA34-25CB6A323EF7}.Release|arm64.ActiveCfg = Release|arm64
		{1AEC622C-9113-40B8-BA34-25CB6A323EF7}.Release|arm64.Build.0 = Release|arm64
		{1AEC622C-9113-40B8-BA34-25CB6A323EF7}.Release|arm64.Deploy.0 = Release|arm64
		{1AEC622C-9113-40B8-BA34-25CB6A323EF7}.Release|x64.ActiveCfg = Release|x64
		{1AEC622C-9113-40B8-BA34-25CB6A323EF7}.Release|x64.Build.0 = Release|x64
		{1AEC622C-9113-40B8-BA34-25CB6A323EF7}.Release|x64.Deploy.0 = Release|x64
		{1AEC622C-9113-40B8-BA34-25CB6A323EF7}.Release|x86.ActiveCfg = Release|x86
		{1AEC622C-9113-40B8-BA34-25CB6A323EF7}.Release|x86.Build.0 = Release|x86
		{1AEC622C-9113-40B8-BA34-25CB6A323EF7}.Release|x86.Deploy.0 = Release|x86
	EndGlobalSection
	GlobalSection(SolutionProperties) = preSolution
		HideSolutionNode = FALSE
	EndGlobalSection
	GlobalSection(NestedProjects) = preSolution
		{7E290DB6-53CC-4F7C-BF20-7A6FB73ECC2C} = {4582B8DC-DDD1-40AE-9CCC-160FDD27BC10}
		{F6B8FC81-EA6B-460F-8284-AB2623725A5B} = {4582B8DC-DDD1-40AE-9CCC-160FDD27BC10}
		{1AEC622C-9113-40B8-BA34-25CB6A323EF7} = {4582B8DC-DDD1-40AE-9CCC-160FDD27BC10}
	EndGlobalSection
	GlobalSection(ExtensibilityGlobals) = postSolution
		SolutionGuid = {7A9409A6-0B8B-4A63-A892-01F58A04D529}
	EndGlobalSection
	GlobalSection(SharedMSBuildProjectFiles) = preSolution
		UnoMSAL\UnoMSAL.Shared\UnoMSAL.Shared.projitems*{1aec622c-9113-40b8-ba34-25cb6a323ef7}*SharedItemsImports = 5
		UnoMSAL\UnoMSAL.Shared\UnoMSAL.Shared.projitems*{6279c845-92f8-4333-ab99-3d213163593c}*SharedItemsImports = 13
		UnoMSAL\UnoMSAL.Shared\UnoMSAL.Shared.projitems*{7e290db6-53cc-4f7c-bf20-7a6fb73ecc2c}*SharedItemsImports = 5
		UnoMSAL\UnoMSAL.Shared\UnoMSAL.Shared.projitems*{f6b8fc81-ea6b-460f-8284-ab2623725a5b}*SharedItemsImports = 5
	EndGlobalSection
EndGlobal
