
Microsoft Visual Studio Solution File, Format Version 12.00
# Visual Studio Version 17
VisualStudioVersion = 17.4.33213.308
MinimumVisualStudioVersion = 10.0.40219.1
Project("{D954291E-2A0B-460D-934E-DC6B0785DB48}") = "UnoMSAL.Shared", "UnoMSAL\UnoMSAL.Shared\UnoMSAL.Shared.shproj", "{6279C845-92F8-4333-AB99-3D213163593C}"
EndProject
Project("{2150E333-8FDC-42A3-9474-1A3956D46DE8}") = "Platforms", "Platforms", "{233CA72A-E53C-4386-8F23-6D597052C557}"
EndProject
Project("{FAE04EC0-301F-11D3-BF4B-00C04F79EFBC}") = "UnoMSAL.Wasm", "UnoMSAL\UnoMSAL.Wasm\UnoMSAL.Wasm.csproj", "{AA3F7977-DBA4-48B9-8355-04F04EAC3FCA}"
EndProject
Project("{FAE04EC0-301F-11D3-BF4B-00C04F79EFBC}") = "UnoMSAL.Mobile", "UnoMSAL\UnoMSAL.Mobile\UnoMSAL.Mobile.csproj", "{53AC811F-722A-4C63-8E57-B20E05603F4E}"
EndProject
Project("{FAE04EC0-301F-11D3-BF4B-00C04F79EFBC}") = "UnoMSAL.Windows", "UnoMSAL\UnoMSAL.Windows\UnoMSAL.Windows.csproj", "{1937DB28-7A4B-45CD-9798-A748518A6996}"
EndProject
Global
	GlobalSection(SolutionConfigurationPlatforms) = preSolution
		Debug|Any CPU = Debug|Any CPU
		Debug|arm64 = Debug|arm64
		Debug|x64 = Debug|x64
		Debug|x86 = Debug|x86
		Release|Any CPU = Release|Any CPU
		Release|arm64 = Release|arm64
		Release|x64 = Release|x64
		Release|x86 = Release|x86
	EndGlobalSection
	GlobalSection(ProjectConfigurationPlatforms) = postSolution
		{AA3F7977-DBA4-48B9-8355-04F04EAC3FCA}.Debug|Any CPU.ActiveCfg = Debug|Any CPU
		{AA3F7977-DBA4-48B9-8355-04F04EAC3FCA}.Debug|Any CPU.Build.0 = Debug|Any CPU
		{AA3F7977-DBA4-48B9-8355-04F04EAC3FCA}.Debug|arm64.ActiveCfg = Debug|Any CPU
		{AA3F7977-DBA4-48B9-8355-04F04EAC3FCA}.Debug|arm64.Build.0 = Debug|Any CPU
		{AA3F7977-DBA4-48B9-8355-04F04EAC3FCA}.Debug|x64.ActiveCfg = Debug|Any CPU
		{AA3F7977-DBA4-48B9-8355-04F04EAC3FCA}.Debug|x64.Build.0 = Debug|Any CPU
		{AA3F7977-DBA4-48B9-8355-04F04EAC3FCA}.Debug|x86.ActiveCfg = Debug|Any CPU
		{AA3F7977-DBA4-48B9-8355-04F04EAC3FCA}.Debug|x86.Build.0 = Debug|Any CPU
		{AA3F7977-DBA4-48B9-8355-04F04EAC3FCA}.Release|Any CPU.ActiveCfg = Release|Any CPU
		{AA3F7977-DBA4-48B9-8355-04F04EAC3FCA}.Release|Any CPU.Build.0 = Release|Any CPU
		{AA3F7977-DBA4-48B9-8355-04F04EAC3FCA}.Release|arm64.ActiveCfg = Release|Any CPU
		{AA3F7977-DBA4-48B9-8355-04F04EAC3FCA}.Release|arm64.Build.0 = Release|Any CPU
		{AA3F7977-DBA4-48B9-8355-04F04EAC3FCA}.Release|x64.ActiveCfg = Release|Any CPU
		{AA3F7977-DBA4-48B9-8355-04F04EAC3FCA}.Release|x64.Build.0 = Release|Any CPU
		{AA3F7977-DBA4-48B9-8355-04F04EAC3FCA}.Release|x86.ActiveCfg = Release|Any CPU
		{AA3F7977-DBA4-48B9-8355-04F04EAC3FCA}.Release|x86.Build.0 = Release|Any CPU
		{53AC811F-722A-4C63-8E57-B20E05603F4E}.Debug|Any CPU.ActiveCfg = Debug|Any CPU
		{53AC811F-722A-4C63-8E57-B20E05603F4E}.Debug|Any CPU.Build.0 = Debug|Any CPU
		{53AC811F-722A-4C63-8E57-B20E05603F4E}.Debug|Any CPU.Deploy.0 = Debug|Any CPU
		{53AC811F-722A-4C63-8E57-B20E05603F4E}.Debug|arm64.ActiveCfg = Debug|Any CPU
		{53AC811F-722A-4C63-8E57-B20E05603F4E}.Debug|arm64.Build.0 = Debug|Any CPU
		{53AC811F-722A-4C63-8E57-B20E05603F4E}.Debug|arm64.Deploy.0 = Debug|Any CPU
		{53AC811F-722A-4C63-8E57-B20E05603F4E}.Debug|x64.ActiveCfg = Debug|Any CPU
		{53AC811F-722A-4C63-8E57-B20E05603F4E}.Debug|x64.Build.0 = Debug|Any CPU
		{53AC811F-722A-4C63-8E57-B20E05603F4E}.Debug|x64.Deploy.0 = Debug|Any CPU
		{53AC811F-722A-4C63-8E57-B20E05603F4E}.Debug|x86.ActiveCfg = Debug|Any CPU
		{53AC811F-722A-4C63-8E57-B20E05603F4E}.Debug|x86.Build.0 = Debug|Any CPU
		{53AC811F-722A-4C63-8E57-B20E05603F4E}.Debug|x86.Deploy.0 = Debug|Any CPU
		{53AC811F-722A-4C63-8E57-B20E05603F4E}.Release|Any CPU.ActiveCfg = Release|Any CPU
		{53AC811F-722A-4C63-8E57-B20E05603F4E}.Release|Any CPU.Build.0 = Release|Any CPU
		{53AC811F-722A-4C63-8E57-B20E05603F4E}.Release|Any CPU.Deploy.0 = Release|Any CPU
		{53AC811F-722A-4C63-8E57-B20E05603F4E}.Release|arm64.ActiveCfg = Release|Any CPU
		{53AC811F-722A-4C63-8E57-B20E05603F4E}.Release|arm64.Build.0 = Release|Any CPU
		{53AC811F-722A-4C63-8E57-B20E05603F4E}.Release|arm64.Deploy.0 = Release|Any CPU
		{53AC811F-722A-4C63-8E57-B20E05603F4E}.Release|x64.ActiveCfg = Release|Any CPU
		{53AC811F-722A-4C63-8E57-B20E05603F4E}.Release|x64.Build.0 = Release|Any CPU
		{53AC811F-722A-4C63-8E57-B20E05603F4E}.Release|x64.Deploy.0 = Release|Any CPU
		{53AC811F-722A-4C63-8E57-B20E05603F4E}.Release|x86.ActiveCfg = Release|Any CPU
		{53AC811F-722A-4C63-8E57-B20E05603F4E}.Release|x86.Build.0 = Release|Any CPU
		{53AC811F-722A-4C63-8E57-B20E05603F4E}.Release|x86.Deploy.0 = Release|Any CPU
		{1937DB28-7A4B-45CD-9798-A748518A6996}.Debug|Any CPU.ActiveCfg = Debug|x64
		{1937DB28-7A4B-45CD-9798-A748518A6996}.Debug|Any CPU.Build.0 = Debug|x64
		{1937DB28-7A4B-45CD-9798-A748518A6996}.Debug|Any CPU.Deploy.0 = Debug|x64
		{1937DB28-7A4B-45CD-9798-A748518A6996}.Debug|arm64.ActiveCfg = Debug|arm64
		{1937DB28-7A4B-45CD-9798-A748518A6996}.Debug|arm64.Build.0 = Debug|arm64
		{1937DB28-7A4B-45CD-9798-A748518A6996}.Debug|arm64.Deploy.0 = Debug|arm64
		{1937DB28-7A4B-45CD-9798-A748518A6996}.Debug|x64.ActiveCfg = Debug|x64
		{1937DB28-7A4B-45CD-9798-A748518A6996}.Debug|x64.Build.0 = Debug|x64
		{1937DB28-7A4B-45CD-9798-A748518A6996}.Debug|x64.Deploy.0 = Debug|x64
		{1937DB28-7A4B-45CD-9798-A748518A6996}.Debug|x86.ActiveCfg = Debug|x86
		{1937DB28-7A4B-45CD-9798-A748518A6996}.Debug|x86.Build.0 = Debug|x86
		{1937DB28-7A4B-45CD-9798-A748518A6996}.Debug|x86.Deploy.0 = Debug|x86
		{1937DB28-7A4B-45CD-9798-A748518A6996}.Release|Any CPU.ActiveCfg = Release|x64
		{1937DB28-7A4B-45CD-9798-A748518A6996}.Release|Any CPU.Build.0 = Release|x64
		{1937DB28-7A4B-45CD-9798-A748518A6996}.Release|Any CPU.Deploy.0 = Release|x64
		{1937DB28-7A4B-45CD-9798-A748518A6996}.Release|arm64.ActiveCfg = Release|arm64
		{1937DB28-7A4B-45CD-9798-A748518A6996}.Release|arm64.Build.0 = Release|arm64
		{1937DB28-7A4B-45CD-9798-A748518A6996}.Release|arm64.Deploy.0 = Release|arm64
		{1937DB28-7A4B-45CD-9798-A748518A6996}.Release|x64.ActiveCfg = Release|x64
		{1937DB28-7A4B-45CD-9798-A748518A6996}.Release|x64.Build.0 = Release|x64
		{1937DB28-7A4B-45CD-9798-A748518A6996}.Release|x64.Deploy.0 = Release|x64
		{1937DB28-7A4B-45CD-9798-A748518A6996}.Release|x86.ActiveCfg = Release|x86
		{1937DB28-7A4B-45CD-9798-A748518A6996}.Release|x86.Build.0 = Release|x86
		{1937DB28-7A4B-45CD-9798-A748518A6996}.Release|x86.Deploy.0 = Release|x86
	EndGlobalSection
	GlobalSection(SolutionProperties) = preSolution
		HideSolutionNode = FALSE
	EndGlobalSection
	GlobalSection(NestedProjects) = preSolution
		{AA3F7977-DBA4-48B9-8355-04F04EAC3FCA} = {233CA72A-E53C-4386-8F23-6D597052C557}
		{53AC811F-722A-4C63-8E57-B20E05603F4E} = {233CA72A-E53C-4386-8F23-6D597052C557}
		{1937DB28-7A4B-45CD-9798-A748518A6996} = {233CA72A-E53C-4386-8F23-6D597052C557}
	EndGlobalSection
	GlobalSection(ExtensibilityGlobals) = postSolution
		SolutionGuid = {1032A8B1-A573-4A40-9C02-D5171A700567}
	EndGlobalSection
	GlobalSection(SharedMSBuildProjectFiles) = preSolution
		UnoMSAL\UnoMSAL.Shared\UnoMSAL.Shared.projitems*{1937db28-7a4b-45cd-9798-a748518a6996}*SharedItemsImports = 5
		UnoMSAL\UnoMSAL.Shared\UnoMSAL.Shared.projitems*{53ac811f-722a-4c63-8e57-b20e05603f4e}*SharedItemsImports = 5
		UnoMSAL\UnoMSAL.Shared\UnoMSAL.Shared.projitems*{6279c845-92f8-4333-ab99-3d213163593c}*SharedItemsImports = 13
		UnoMSAL\UnoMSAL.Shared\UnoMSAL.Shared.projitems*{aa3f7977-dba4-48b9-8355-04f04eac3fca}*SharedItemsImports = 5
	EndGlobalSection
EndGlobal
